// !$*UTF8*$!
{
	archiveVersion = 1;
	classes = {
	};
	objectVersion = 56;
	objects = {

/* Begin PBXBuildFile section */
		6608659E2A7AB32800CB4013 /* MapUIView.swift in Sources */ = {isa = PBXBuildFile; fileRef = 6608659D2A7AB32800CB4013 /* MapUIView.swift */; };
		660910942A6FC30F001DDAA2 /* CreatedEventView.swift in Sources */ = {isa = PBXBuildFile; fileRef = 660910932A6FC30F001DDAA2 /* CreatedEventView.swift */; };
		660910962A6FC31F001DDAA2 /* CreatedEventViewModel.swift in Sources */ = {isa = PBXBuildFile; fileRef = 660910952A6FC31F001DDAA2 /* CreatedEventViewModel.swift */; };
		660910992A6FDB3C001DDAA2 /* EditEventView.swift in Sources */ = {isa = PBXBuildFile; fileRef = 660910982A6FDB3C001DDAA2 /* EditEventView.swift */; };
		6609109C2A6FDB5C001DDAA2 /* AddUserEventView.swift in Sources */ = {isa = PBXBuildFile; fileRef = 6609109B2A6FDB5C001DDAA2 /* AddUserEventView.swift */; };
		6609109E2A6FEC49001DDAA2 /* AddUserEventViewModel.swift in Sources */ = {isa = PBXBuildFile; fileRef = 6609109D2A6FEC49001DDAA2 /* AddUserEventViewModel.swift */; };
		660A85332A5AB8CE00B10335 /* AddEvent2View.swift in Sources */ = {isa = PBXBuildFile; fileRef = 660A85322A5AB8CE00B10335 /* AddEvent2View.swift */; };
		660A85352A5AC84500B10335 /* EventViewModel.swift in Sources */ = {isa = PBXBuildFile; fileRef = 660A85342A5AC84500B10335 /* EventViewModel.swift */; };
		660B74362AA33A710022DF22 /* AddEventModel.swift in Sources */ = {isa = PBXBuildFile; fileRef = 660B74352AA33A710022DF22 /* AddEventModel.swift */; };
		660E7F0E2A9CB902004E24A4 /* EventsManager.swift in Sources */ = {isa = PBXBuildFile; fileRef = 660E7F0D2A9CB902004E24A4 /* EventsManager.swift */; };
		660E7F102A9CBE76004E24A4 /* EventDatabase.swift in Sources */ = {isa = PBXBuildFile; fileRef = 660E7F0F2A9CBE76004E24A4 /* EventDatabase.swift */; };
		6618E68A2A9A3F7C0017BE9F /* EditMapView.swift in Sources */ = {isa = PBXBuildFile; fileRef = 6618E6892A9A3F7C0017BE9F /* EditMapView.swift */; };
		6619F88F2A6DDAE400A8A590 /* SavedEventView.swift in Sources */ = {isa = PBXBuildFile; fileRef = 6619F88E2A6DDAE400A8A590 /* SavedEventView.swift */; };
		6619F8912A6DDBDC00A8A590 /* SavedEventViewModel.swift in Sources */ = {isa = PBXBuildFile; fileRef = 6619F8902A6DDBDC00A8A590 /* SavedEventViewModel.swift */; };
		661B5CCF2A8D2D6D00C22D5D /* RequestView.swift in Sources */ = {isa = PBXBuildFile; fileRef = 661B5CCE2A8D2D6D00C22D5D /* RequestView.swift */; };
		661B5CD12A8D2DA400C22D5D /* RequestViewModel.swift in Sources */ = {isa = PBXBuildFile; fileRef = 661B5CD02A8D2DA400C22D5D /* RequestViewModel.swift */; };
		662355D22A93AA2C00DCDB91 /* GoogleService-Info.plist in Resources */ = {isa = PBXBuildFile; fileRef = 662355D12A93AA2C00DCDB91 /* GoogleService-Info.plist */; };
		662723072A9685A800901903 /* DistanceForLocationView.swift in Sources */ = {isa = PBXBuildFile; fileRef = 662723062A9685A800901903 /* DistanceForLocationView.swift */; };
		662723092A9685BC00901903 /* DistanceForLocationViewModel.swift in Sources */ = {isa = PBXBuildFile; fileRef = 662723082A9685BC00901903 /* DistanceForLocationViewModel.swift */; };
		6628FA872A6D85BA003C7628 /* EditProfileViewModel.swift in Sources */ = {isa = PBXBuildFile; fileRef = 6628FA862A6D85BA003C7628 /* EditProfileViewModel.swift */; };
		6637411D2A8E347A005FFAB4 /* MustLoginView.swift in Sources */ = {isa = PBXBuildFile; fileRef = 6637411C2A8E347A005FFAB4 /* MustLoginView.swift */; };
		6637411F2A8F5317005FFAB4 /* BorderTextField.swift in Sources */ = {isa = PBXBuildFile; fileRef = 6637411E2A8F5317005FFAB4 /* BorderTextField.swift */; };
		66374C422AA242DE008A91A5 /* Localizable.strings in Resources */ = {isa = PBXBuildFile; fileRef = 66374C442AA242DE008A91A5 /* Localizable.strings */; };
		6637B6E22A63DECD006BC297 /* DetailEventView.swift in Sources */ = {isa = PBXBuildFile; fileRef = 6637B6E12A63DECD006BC297 /* DetailEventView.swift */; };
		6637B6E52A63E139006BC297 /* EventPropertiesRow.swift in Sources */ = {isa = PBXBuildFile; fileRef = 6637B6E42A63E139006BC297 /* EventPropertiesRow.swift */; };
		6637B6E82A6531D8006BC297 /* AddMapView.swift in Sources */ = {isa = PBXBuildFile; fileRef = 6637B6E72A6531D8006BC297 /* AddMapView.swift */; };
		663DD86B2A9BADBB00D22A5B /* RegisterViewModel.swift in Sources */ = {isa = PBXBuildFile; fileRef = 663DD86A2A9BADBB00D22A5B /* RegisterViewModel.swift */; };
		664170042A659E6E00267D59 /* HomeViewModel.swift in Sources */ = {isa = PBXBuildFile; fileRef = 664170032A659E6E00267D59 /* HomeViewModel.swift */; };
		6641700A2A6688E700267D59 /* Components.swift in Sources */ = {isa = PBXBuildFile; fileRef = 664170092A6688E700267D59 /* Components.swift */; };
		6641700C2A668BDF00267D59 /* CategoriesModel.swift in Sources */ = {isa = PBXBuildFile; fileRef = 6641700B2A668BDF00267D59 /* CategoriesModel.swift */; };
		6650034C2A8A522B0034DDC7 /* Route.swift in Sources */ = {isa = PBXBuildFile; fileRef = 6650034B2A8A522B0034DDC7 /* Route.swift */; };
		6650FC862A96647200841053 /* MapViewModel.swift in Sources */ = {isa = PBXBuildFile; fileRef = 6650FC852A96647200841053 /* MapViewModel.swift */; };
		66510E122A9E9F44000BDFA0 /* SavedManager.swift in Sources */ = {isa = PBXBuildFile; fileRef = 66510E112A9E9F44000BDFA0 /* SavedManager.swift */; };
		66510E142A9E9FAA000BDFA0 /* SavedEvent.swift in Sources */ = {isa = PBXBuildFile; fileRef = 66510E132A9E9FAA000BDFA0 /* SavedEvent.swift */; };
		665267A22A6751410061908E /* MyEventsView.swift in Sources */ = {isa = PBXBuildFile; fileRef = 665267A12A6751410061908E /* MyEventsView.swift */; };
		665A9C962A9A6E3C0098EE7A /* NetworkManager.swift in Sources */ = {isa = PBXBuildFile; fileRef = 665A9C952A9A6E3C0098EE7A /* NetworkManager.swift */; };
		665B5C102A530AD300AD65C4 /* EventPlannerApp.swift in Sources */ = {isa = PBXBuildFile; fileRef = 665B5C0F2A530AD300AD65C4 /* EventPlannerApp.swift */; };
		665B5C122A530AD300AD65C4 /* ContentView.swift in Sources */ = {isa = PBXBuildFile; fileRef = 665B5C112A530AD300AD65C4 /* ContentView.swift */; };
		665B5C142A530AD400AD65C4 /* Assets.xcassets in Resources */ = {isa = PBXBuildFile; fileRef = 665B5C132A530AD400AD65C4 /* Assets.xcassets */; };
		665B5C172A530AD400AD65C4 /* Preview Assets.xcassets in Resources */ = {isa = PBXBuildFile; fileRef = 665B5C162A530AD400AD65C4 /* Preview Assets.xcassets */; };
		665B5C212A530AD400AD65C4 /* EventPlannerTests.swift in Sources */ = {isa = PBXBuildFile; fileRef = 665B5C202A530AD400AD65C4 /* EventPlannerTests.swift */; };
		665B5C2B2A530AD400AD65C4 /* EventPlannerUITests.swift in Sources */ = {isa = PBXBuildFile; fileRef = 665B5C2A2A530AD400AD65C4 /* EventPlannerUITests.swift */; };
		665B5C2D2A530AD400AD65C4 /* EventPlannerUITestsLaunchTests.swift in Sources */ = {isa = PBXBuildFile; fileRef = 665B5C2C2A530AD400AD65C4 /* EventPlannerUITestsLaunchTests.swift */; };
		66661AAB2A69D7AC0080D7B8 /* Request.swift in Sources */ = {isa = PBXBuildFile; fileRef = 66661AAA2A69D7AC0080D7B8 /* Request.swift */; };
		666820E72A9DD269002541EC /* Add2EventViewModel.swift in Sources */ = {isa = PBXBuildFile; fileRef = 666820E62A9DD269002541EC /* Add2EventViewModel.swift */; };
		666820EB2A9E140D002541EC /* RequestManager.swift in Sources */ = {isa = PBXBuildFile; fileRef = 666820EA2A9E140D002541EC /* RequestManager.swift */; };
		6669D22E2A5A227F00CB9C5D /* SettingRowView.swift in Sources */ = {isa = PBXBuildFile; fileRef = 6669D22D2A5A227F00CB9C5D /* SettingRowView.swift */; };
		6669D2302A5A2EB100CB9C5D /* AddEventView.swift in Sources */ = {isa = PBXBuildFile; fileRef = 6669D22F2A5A2EB100CB9C5D /* AddEventView.swift */; };
		6669D2322A5A2FFE00CB9C5D /* Event.swift in Sources */ = {isa = PBXBuildFile; fileRef = 6669D2312A5A2FFE00CB9C5D /* Event.swift */; };
		666ECDC02AA1D53900E87EEB /* AnalyticsManager.swift in Sources */ = {isa = PBXBuildFile; fileRef = 666ECDBF2AA1D53900E87EEB /* AnalyticsManager.swift */; };
		6672588C2A5EE47600ED41DD /* MapView.swift in Sources */ = {isa = PBXBuildFile; fileRef = 6672588B2A5EE47600ED41DD /* MapView.swift */; };
		6672589B2A6157C200ED41DD /* LocationManager.swift in Sources */ = {isa = PBXBuildFile; fileRef = 6672589A2A6157C200ED41DD /* LocationManager.swift */; };
		6672589F2A61652000ED41DD /* AnnotationModel.swift in Sources */ = {isa = PBXBuildFile; fileRef = 6672589E2A61652000ED41DD /* AnnotationModel.swift */; };
		667258A12A6167BE00ED41DD /* AnnotationManager.swift in Sources */ = {isa = PBXBuildFile; fileRef = 667258A02A6167BE00ED41DD /* AnnotationManager.swift */; };
		6674404B2A6D7F8A003D85A0 /* ProfileViewModel.swift in Sources */ = {isa = PBXBuildFile; fileRef = 6674404A2A6D7F8A003D85A0 /* ProfileViewModel.swift */; };
		667440502A6D80C8003D85A0 /* EditProfileView.swift in Sources */ = {isa = PBXBuildFile; fileRef = 6674404F2A6D80C8003D85A0 /* EditProfileView.swift */; };
		668398F42A961D9C00F31577 /* TiltPrism-Regular-VariableFont_XROT,YROT.ttf in Resources */ = {isa = PBXBuildFile; fileRef = 668398F32A961D9C00F31577 /* TiltPrism-Regular-VariableFont_XROT,YROT.ttf */; };
		668DBE6D2A61FFEE00C2E582 /* CustomTextField.swift in Sources */ = {isa = PBXBuildFile; fileRef = 668DBE6C2A61FFEE00C2E582 /* CustomTextField.swift */; };
		668E228F2A9F4F6F00E865B1 /* CustomAlert in Frameworks */ = {isa = PBXBuildFile; productRef = 668E228E2A9F4F6F00E865B1 /* CustomAlert */; };
		668E22922A9F4FBE00E865B1 /* GoogleMobileAds in Frameworks */ = {isa = PBXBuildFile; productRef = 668E22912A9F4FBE00E865B1 /* GoogleMobileAds */; };
		668F43D62A67F04E00A0C1CF /* DetailEventViewModel.swift in Sources */ = {isa = PBXBuildFile; fileRef = 668F43D52A67F04E00A0C1CF /* DetailEventViewModel.swift */; };
		668F43D82A68517700A0C1CF /* EventPageViewModel.swift in Sources */ = {isa = PBXBuildFile; fileRef = 668F43D72A68517700A0C1CF /* EventPageViewModel.swift */; };
		669AE7DF2A700F9400CF922E /* EditEventViewModel.swift in Sources */ = {isa = PBXBuildFile; fileRef = 669AE7DE2A700F9400CF922E /* EditEventViewModel.swift */; };
		66A407072A9F529F00A99178 /* FirebaseAnalytics in Frameworks */ = {isa = PBXBuildFile; productRef = 66A407062A9F529F00A99178 /* FirebaseAnalytics */; };
		66A407092A9F529F00A99178 /* FirebaseAnalyticsSwift in Frameworks */ = {isa = PBXBuildFile; productRef = 66A407082A9F529F00A99178 /* FirebaseAnalyticsSwift */; };
		66A4070B2A9F529F00A99178 /* FirebaseAppCheck in Frameworks */ = {isa = PBXBuildFile; productRef = 66A4070A2A9F529F00A99178 /* FirebaseAppCheck */; };
		66A4070D2A9F529F00A99178 /* FirebaseAuth in Frameworks */ = {isa = PBXBuildFile; productRef = 66A4070C2A9F529F00A99178 /* FirebaseAuth */; };
		66A4070F2A9F529F00A99178 /* FirebaseDatabase in Frameworks */ = {isa = PBXBuildFile; productRef = 66A4070E2A9F529F00A99178 /* FirebaseDatabase */; };
		66A407112A9F529F00A99178 /* FirebaseDatabaseSwift in Frameworks */ = {isa = PBXBuildFile; productRef = 66A407102A9F529F00A99178 /* FirebaseDatabaseSwift */; };
		66A407132A9F529F00A99178 /* FirebaseFirestore in Frameworks */ = {isa = PBXBuildFile; productRef = 66A407122A9F529F00A99178 /* FirebaseFirestore */; };
		66A407152A9F529F00A99178 /* FirebaseFirestoreSwift in Frameworks */ = {isa = PBXBuildFile; productRef = 66A407142A9F529F00A99178 /* FirebaseFirestoreSwift */; };
		66A407172A9F529F00A99178 /* FirebaseFunctions in Frameworks */ = {isa = PBXBuildFile; productRef = 66A407162A9F529F00A99178 /* FirebaseFunctions */; };
		66A407192A9F529F00A99178 /* FirebaseMessaging in Frameworks */ = {isa = PBXBuildFile; productRef = 66A407182A9F529F00A99178 /* FirebaseMessaging */; };
		66A4071B2A9F529F00A99178 /* FirebasePerformance in Frameworks */ = {isa = PBXBuildFile; productRef = 66A4071A2A9F529F00A99178 /* FirebasePerformance */; };
		66A4071D2A9F529F00A99178 /* FirebaseRemoteConfig in Frameworks */ = {isa = PBXBuildFile; productRef = 66A4071C2A9F529F00A99178 /* FirebaseRemoteConfig */; };
		66A4071F2A9F529F00A99178 /* FirebaseRemoteConfigSwift in Frameworks */ = {isa = PBXBuildFile; productRef = 66A4071E2A9F529F00A99178 /* FirebaseRemoteConfigSwift */; };
		66A407212A9F529F00A99178 /* FirebaseStorage in Frameworks */ = {isa = PBXBuildFile; productRef = 66A407202A9F529F00A99178 /* FirebaseStorage */; };
		66A49B5B2A91270F009FFD13 /* InvolvedEventView.swift in Sources */ = {isa = PBXBuildFile; fileRef = 66A49B5A2A91270F009FFD13 /* InvolvedEventView.swift */; };
		66A49B5D2A912726009FFD13 /* InvolvedEventViewModel.swift in Sources */ = {isa = PBXBuildFile; fileRef = 66A49B5C2A912726009FFD13 /* InvolvedEventViewModel.swift */; };
		66A49B602A91F37A009FFD13 /* ResetPasswordView.swift in Sources */ = {isa = PBXBuildFile; fileRef = 66A49B5F2A91F37A009FFD13 /* ResetPasswordView.swift */; };
		66A49B622A91F4AE009FFD13 /* ResetPasswordViewModel.swift in Sources */ = {isa = PBXBuildFile; fileRef = 66A49B612A91F4AE009FFD13 /* ResetPasswordViewModel.swift */; };
		66A49B652A9229AE009FFD13 /* SplashView.swift in Sources */ = {isa = PBXBuildFile; fileRef = 66A49B642A9229AE009FFD13 /* SplashView.swift */; };
		66A49B6A2A923701009FFD13 /* Barriecito-Regular.ttf in Resources */ = {isa = PBXBuildFile; fileRef = 66A49B692A923700009FFD13 /* Barriecito-Regular.ttf */; };
		66A8B2112AA4EEA6008FE2A8 /* AuthenticationManager.swift in Sources */ = {isa = PBXBuildFile; fileRef = 66A8B2102AA4EEA6008FE2A8 /* AuthenticationManager.swift */; };
		66BF41692A531C240091F75F /* registerView.swift in Sources */ = {isa = PBXBuildFile; fileRef = 66BF41682A531C240091F75F /* registerView.swift */; };
		66BF416D2A53257E0091F75F /* AuthManager.swift in Sources */ = {isa = PBXBuildFile; fileRef = 66BF416C2A53257E0091F75F /* AuthManager.swift */; };
		66C47DFC2A5DB82900EFE65A /* MainTabView.swift in Sources */ = {isa = PBXBuildFile; fileRef = 66C47DFB2A5DB82900EFE65A /* MainTabView.swift */; };
		66C47E022A5DB9A600EFE65A /* localeKeys.swift in Sources */ = {isa = PBXBuildFile; fileRef = 66C47E012A5DB9A600EFE65A /* localeKeys.swift */; };
		66C47E052A5DBAD000EFE65A /* MainTabModel.swift in Sources */ = {isa = PBXBuildFile; fileRef = 66C47E042A5DBAD000EFE65A /* MainTabModel.swift */; };
		66C47E082A5DBB6900EFE65A /* Icons.swift in Sources */ = {isa = PBXBuildFile; fileRef = 66C47E072A5DBB6900EFE65A /* Icons.swift */; };
		66D0CF5D2A710E7F00C2124D /* GrayTextField.swift in Sources */ = {isa = PBXBuildFile; fileRef = 66D0CF5C2A710E7F00C2124D /* GrayTextField.swift */; };
		66D0CF5F2A71143300C2124D /* CustomButton.swift in Sources */ = {isa = PBXBuildFile; fileRef = 66D0CF5E2A71143300C2124D /* CustomButton.swift */; };
		66D0CF612A71214E00C2124D /* DropdownButton.swift in Sources */ = {isa = PBXBuildFile; fileRef = 66D0CF602A71214E00C2124D /* DropdownButton.swift */; };
		66E40F6F2A573CD900CFCE23 /* HomeView.swift in Sources */ = {isa = PBXBuildFile; fileRef = 66E40F6E2A573CD900CFCE23 /* HomeView.swift */; };
		66E40F742A57EE9200CFCE23 /* LoginView.swift in Sources */ = {isa = PBXBuildFile; fileRef = 66E40F732A57EE9200CFCE23 /* LoginView.swift */; };
		66E40F772A5803C000CFCE23 /* User.swift in Sources */ = {isa = PBXBuildFile; fileRef = 66E40F762A5803C000CFCE23 /* User.swift */; };
		66E40F792A5815B100CFCE23 /* ProfileView.swift in Sources */ = {isa = PBXBuildFile; fileRef = 66E40F782A5815B100CFCE23 /* ProfileView.swift */; };
		66F1E8E62A9B983500CB8CDA /* LoginViewModel.swift in Sources */ = {isa = PBXBuildFile; fileRef = 66F1E8E52A9B983500CB8CDA /* LoginViewModel.swift */; };
/* End PBXBuildFile section */

/* Begin PBXContainerItemProxy section */
		665B5C1D2A530AD400AD65C4 /* PBXContainerItemProxy */ = {
			isa = PBXContainerItemProxy;
			containerPortal = 665B5C042A530AD300AD65C4 /* Project object */;
			proxyType = 1;
			remoteGlobalIDString = 665B5C0B2A530AD300AD65C4;
			remoteInfo = EventPlanner;
		};
		665B5C272A530AD400AD65C4 /* PBXContainerItemProxy */ = {
			isa = PBXContainerItemProxy;
			containerPortal = 665B5C042A530AD300AD65C4 /* Project object */;
			proxyType = 1;
			remoteGlobalIDString = 665B5C0B2A530AD300AD65C4;
			remoteInfo = EventPlanner;
		};
/* End PBXContainerItemProxy section */

/* Begin PBXFileReference section */
		6608659D2A7AB32800CB4013 /* MapUIView.swift */ = {isa = PBXFileReference; lastKnownFileType = sourcecode.swift; path = MapUIView.swift; sourceTree = "<group>"; };
		660910932A6FC30F001DDAA2 /* CreatedEventView.swift */ = {isa = PBXFileReference; lastKnownFileType = sourcecode.swift; path = CreatedEventView.swift; sourceTree = "<group>"; };
		660910952A6FC31F001DDAA2 /* CreatedEventViewModel.swift */ = {isa = PBXFileReference; lastKnownFileType = sourcecode.swift; path = CreatedEventViewModel.swift; sourceTree = "<group>"; };
		660910982A6FDB3C001DDAA2 /* EditEventView.swift */ = {isa = PBXFileReference; lastKnownFileType = sourcecode.swift; path = EditEventView.swift; sourceTree = "<group>"; };
		6609109B2A6FDB5C001DDAA2 /* AddUserEventView.swift */ = {isa = PBXFileReference; lastKnownFileType = sourcecode.swift; path = AddUserEventView.swift; sourceTree = "<group>"; };
		6609109D2A6FEC49001DDAA2 /* AddUserEventViewModel.swift */ = {isa = PBXFileReference; lastKnownFileType = sourcecode.swift; path = AddUserEventViewModel.swift; sourceTree = "<group>"; };
		660A85322A5AB8CE00B10335 /* AddEvent2View.swift */ = {isa = PBXFileReference; lastKnownFileType = sourcecode.swift; path = AddEvent2View.swift; sourceTree = "<group>"; };
		660A85342A5AC84500B10335 /* EventViewModel.swift */ = {isa = PBXFileReference; lastKnownFileType = sourcecode.swift; path = EventViewModel.swift; sourceTree = "<group>"; };
		660B74352AA33A710022DF22 /* AddEventModel.swift */ = {isa = PBXFileReference; lastKnownFileType = sourcecode.swift; path = AddEventModel.swift; sourceTree = "<group>"; };
		660E7F0D2A9CB902004E24A4 /* EventsManager.swift */ = {isa = PBXFileReference; lastKnownFileType = sourcecode.swift; path = EventsManager.swift; sourceTree = "<group>"; };
		660E7F0F2A9CBE76004E24A4 /* EventDatabase.swift */ = {isa = PBXFileReference; lastKnownFileType = sourcecode.swift; path = EventDatabase.swift; sourceTree = "<group>"; };
		6618E6892A9A3F7C0017BE9F /* EditMapView.swift */ = {isa = PBXFileReference; lastKnownFileType = sourcecode.swift; path = EditMapView.swift; sourceTree = "<group>"; };
		6619F88E2A6DDAE400A8A590 /* SavedEventView.swift */ = {isa = PBXFileReference; lastKnownFileType = sourcecode.swift; path = SavedEventView.swift; sourceTree = "<group>"; };
		6619F8902A6DDBDC00A8A590 /* SavedEventViewModel.swift */ = {isa = PBXFileReference; lastKnownFileType = sourcecode.swift; path = SavedEventViewModel.swift; sourceTree = "<group>"; };
		661B5CCE2A8D2D6D00C22D5D /* RequestView.swift */ = {isa = PBXFileReference; lastKnownFileType = sourcecode.swift; path = RequestView.swift; sourceTree = "<group>"; };
		661B5CD02A8D2DA400C22D5D /* RequestViewModel.swift */ = {isa = PBXFileReference; lastKnownFileType = sourcecode.swift; path = RequestViewModel.swift; sourceTree = "<group>"; };
		662355B92A93916B00DCDB91 /* EventPlanner.entitlements */ = {isa = PBXFileReference; lastKnownFileType = text.plist.entitlements; path = EventPlanner.entitlements; sourceTree = "<group>"; };
		662355D12A93AA2C00DCDB91 /* GoogleService-Info.plist */ = {isa = PBXFileReference; fileEncoding = 4; lastKnownFileType = text.plist.xml; path = "GoogleService-Info.plist"; sourceTree = "<group>"; };
		662723062A9685A800901903 /* DistanceForLocationView.swift */ = {isa = PBXFileReference; lastKnownFileType = sourcecode.swift; path = DistanceForLocationView.swift; sourceTree = "<group>"; };
		662723082A9685BC00901903 /* DistanceForLocationViewModel.swift */ = {isa = PBXFileReference; lastKnownFileType = sourcecode.swift; path = DistanceForLocationViewModel.swift; sourceTree = "<group>"; };
		6628FA862A6D85BA003C7628 /* EditProfileViewModel.swift */ = {isa = PBXFileReference; lastKnownFileType = sourcecode.swift; path = EditProfileViewModel.swift; sourceTree = "<group>"; };
		6637411C2A8E347A005FFAB4 /* MustLoginView.swift */ = {isa = PBXFileReference; lastKnownFileType = sourcecode.swift; path = MustLoginView.swift; sourceTree = "<group>"; };
		6637411E2A8F5317005FFAB4 /* BorderTextField.swift */ = {isa = PBXFileReference; lastKnownFileType = sourcecode.swift; path = BorderTextField.swift; sourceTree = "<group>"; };
		66374C432AA242DE008A91A5 /* en */ = {isa = PBXFileReference; lastKnownFileType = text.plist.strings; name = en; path = en.lproj/Localizable.strings; sourceTree = "<group>"; };
		66374C452AA2430B008A91A5 /* tr */ = {isa = PBXFileReference; lastKnownFileType = text.plist.strings; name = tr; path = tr.lproj/Localizable.strings; sourceTree = "<group>"; };
		66374C462AA24366008A91A5 /* de */ = {isa = PBXFileReference; lastKnownFileType = text.plist.strings; name = de; path = de.lproj/Localizable.strings; sourceTree = "<group>"; };
		66374C472AA24381008A91A5 /* es */ = {isa = PBXFileReference; lastKnownFileType = text.plist.strings; name = es; path = es.lproj/Localizable.strings; sourceTree = "<group>"; };
		6637B6E12A63DECD006BC297 /* DetailEventView.swift */ = {isa = PBXFileReference; lastKnownFileType = sourcecode.swift; path = DetailEventView.swift; sourceTree = "<group>"; };
		6637B6E42A63E139006BC297 /* EventPropertiesRow.swift */ = {isa = PBXFileReference; lastKnownFileType = sourcecode.swift; path = EventPropertiesRow.swift; sourceTree = "<group>"; };
		6637B6E72A6531D8006BC297 /* AddMapView.swift */ = {isa = PBXFileReference; lastKnownFileType = sourcecode.swift; path = AddMapView.swift; sourceTree = "<group>"; };
		663DD86A2A9BADBB00D22A5B /* RegisterViewModel.swift */ = {isa = PBXFileReference; lastKnownFileType = sourcecode.swift; path = RegisterViewModel.swift; sourceTree = "<group>"; };
		664170032A659E6E00267D59 /* HomeViewModel.swift */ = {isa = PBXFileReference; lastKnownFileType = sourcecode.swift; path = HomeViewModel.swift; sourceTree = "<group>"; };
		664170092A6688E700267D59 /* Components.swift */ = {isa = PBXFileReference; lastKnownFileType = sourcecode.swift; path = Components.swift; sourceTree = "<group>"; };
		6641700B2A668BDF00267D59 /* CategoriesModel.swift */ = {isa = PBXFileReference; lastKnownFileType = sourcecode.swift; path = CategoriesModel.swift; sourceTree = "<group>"; };
		6650034B2A8A522B0034DDC7 /* Route.swift */ = {isa = PBXFileReference; lastKnownFileType = sourcecode.swift; path = Route.swift; sourceTree = "<group>"; };
		6650FC852A96647200841053 /* MapViewModel.swift */ = {isa = PBXFileReference; lastKnownFileType = sourcecode.swift; path = MapViewModel.swift; sourceTree = "<group>"; };
		66510E112A9E9F44000BDFA0 /* SavedManager.swift */ = {isa = PBXFileReference; lastKnownFileType = sourcecode.swift; path = SavedManager.swift; sourceTree = "<group>"; };
		66510E132A9E9FAA000BDFA0 /* SavedEvent.swift */ = {isa = PBXFileReference; lastKnownFileType = sourcecode.swift; path = SavedEvent.swift; sourceTree = "<group>"; };
		665267A12A6751410061908E /* MyEventsView.swift */ = {isa = PBXFileReference; lastKnownFileType = sourcecode.swift; path = MyEventsView.swift; sourceTree = "<group>"; };
		665A9C952A9A6E3C0098EE7A /* NetworkManager.swift */ = {isa = PBXFileReference; lastKnownFileType = sourcecode.swift; path = NetworkManager.swift; sourceTree = "<group>"; };
		665B5C0C2A530AD300AD65C4 /* EventPlanner.app */ = {isa = PBXFileReference; explicitFileType = wrapper.application; includeInIndex = 0; path = EventPlanner.app; sourceTree = BUILT_PRODUCTS_DIR; };
		665B5C0F2A530AD300AD65C4 /* EventPlannerApp.swift */ = {isa = PBXFileReference; lastKnownFileType = sourcecode.swift; path = EventPlannerApp.swift; sourceTree = "<group>"; };
		665B5C112A530AD300AD65C4 /* ContentView.swift */ = {isa = PBXFileReference; lastKnownFileType = sourcecode.swift; path = ContentView.swift; sourceTree = "<group>"; };
		665B5C132A530AD400AD65C4 /* Assets.xcassets */ = {isa = PBXFileReference; lastKnownFileType = folder.assetcatalog; path = Assets.xcassets; sourceTree = "<group>"; };
		665B5C162A530AD400AD65C4 /* Preview Assets.xcassets */ = {isa = PBXFileReference; lastKnownFileType = folder.assetcatalog; path = "Preview Assets.xcassets"; sourceTree = "<group>"; };
		665B5C1C2A530AD400AD65C4 /* EventPlannerTests.xctest */ = {isa = PBXFileReference; explicitFileType = wrapper.cfbundle; includeInIndex = 0; path = EventPlannerTests.xctest; sourceTree = BUILT_PRODUCTS_DIR; };
		665B5C202A530AD400AD65C4 /* EventPlannerTests.swift */ = {isa = PBXFileReference; lastKnownFileType = sourcecode.swift; path = EventPlannerTests.swift; sourceTree = "<group>"; };
		665B5C262A530AD400AD65C4 /* EventPlannerUITests.xctest */ = {isa = PBXFileReference; explicitFileType = wrapper.cfbundle; includeInIndex = 0; path = EventPlannerUITests.xctest; sourceTree = BUILT_PRODUCTS_DIR; };
		665B5C2A2A530AD400AD65C4 /* EventPlannerUITests.swift */ = {isa = PBXFileReference; lastKnownFileType = sourcecode.swift; path = EventPlannerUITests.swift; sourceTree = "<group>"; };
		665B5C2C2A530AD400AD65C4 /* EventPlannerUITestsLaunchTests.swift */ = {isa = PBXFileReference; lastKnownFileType = sourcecode.swift; path = EventPlannerUITestsLaunchTests.swift; sourceTree = "<group>"; };
		66661AAA2A69D7AC0080D7B8 /* Request.swift */ = {isa = PBXFileReference; lastKnownFileType = sourcecode.swift; path = Request.swift; sourceTree = "<group>"; };
		666820E62A9DD269002541EC /* Add2EventViewModel.swift */ = {isa = PBXFileReference; lastKnownFileType = sourcecode.swift; path = Add2EventViewModel.swift; sourceTree = "<group>"; };
		666820EA2A9E140D002541EC /* RequestManager.swift */ = {isa = PBXFileReference; lastKnownFileType = sourcecode.swift; path = RequestManager.swift; sourceTree = "<group>"; };
		6669D22D2A5A227F00CB9C5D /* SettingRowView.swift */ = {isa = PBXFileReference; lastKnownFileType = sourcecode.swift; path = SettingRowView.swift; sourceTree = "<group>"; };
		6669D22F2A5A2EB100CB9C5D /* AddEventView.swift */ = {isa = PBXFileReference; lastKnownFileType = sourcecode.swift; path = AddEventView.swift; sourceTree = "<group>"; };
		6669D2312A5A2FFE00CB9C5D /* Event.swift */ = {isa = PBXFileReference; lastKnownFileType = sourcecode.swift; path = Event.swift; sourceTree = "<group>"; };
		666ECDBF2AA1D53900E87EEB /* AnalyticsManager.swift */ = {isa = PBXFileReference; lastKnownFileType = sourcecode.swift; path = AnalyticsManager.swift; sourceTree = "<group>"; };
		6672588B2A5EE47600ED41DD /* MapView.swift */ = {isa = PBXFileReference; lastKnownFileType = sourcecode.swift; path = MapView.swift; sourceTree = "<group>"; };
		6672589A2A6157C200ED41DD /* LocationManager.swift */ = {isa = PBXFileReference; lastKnownFileType = sourcecode.swift; path = LocationManager.swift; sourceTree = "<group>"; };
		6672589E2A61652000ED41DD /* AnnotationModel.swift */ = {isa = PBXFileReference; lastKnownFileType = sourcecode.swift; path = AnnotationModel.swift; sourceTree = "<group>"; };
		667258A02A6167BE00ED41DD /* AnnotationManager.swift */ = {isa = PBXFileReference; lastKnownFileType = sourcecode.swift; path = AnnotationManager.swift; sourceTree = "<group>"; };
		6674404A2A6D7F8A003D85A0 /* ProfileViewModel.swift */ = {isa = PBXFileReference; lastKnownFileType = sourcecode.swift; path = ProfileViewModel.swift; sourceTree = "<group>"; };
		6674404F2A6D80C8003D85A0 /* EditProfileView.swift */ = {isa = PBXFileReference; lastKnownFileType = sourcecode.swift; path = EditProfileView.swift; sourceTree = "<group>"; };
		668398F32A961D9C00F31577 /* TiltPrism-Regular-VariableFont_XROT,YROT.ttf */ = {isa = PBXFileReference; lastKnownFileType = file; path = "TiltPrism-Regular-VariableFont_XROT,YROT.ttf"; sourceTree = "<group>"; };
		668DBE6C2A61FFEE00C2E582 /* CustomTextField.swift */ = {isa = PBXFileReference; lastKnownFileType = sourcecode.swift; path = CustomTextField.swift; sourceTree = "<group>"; };
		668F43D52A67F04E00A0C1CF /* DetailEventViewModel.swift */ = {isa = PBXFileReference; lastKnownFileType = sourcecode.swift; path = DetailEventViewModel.swift; sourceTree = "<group>"; };
		668F43D72A68517700A0C1CF /* EventPageViewModel.swift */ = {isa = PBXFileReference; lastKnownFileType = sourcecode.swift; path = EventPageViewModel.swift; sourceTree = "<group>"; };
		669AE7DE2A700F9400CF922E /* EditEventViewModel.swift */ = {isa = PBXFileReference; lastKnownFileType = sourcecode.swift; path = EditEventViewModel.swift; sourceTree = "<group>"; };
		66A49B5A2A91270F009FFD13 /* InvolvedEventView.swift */ = {isa = PBXFileReference; lastKnownFileType = sourcecode.swift; path = InvolvedEventView.swift; sourceTree = "<group>"; };
		66A49B5C2A912726009FFD13 /* InvolvedEventViewModel.swift */ = {isa = PBXFileReference; lastKnownFileType = sourcecode.swift; path = InvolvedEventViewModel.swift; sourceTree = "<group>"; };
		66A49B5F2A91F37A009FFD13 /* ResetPasswordView.swift */ = {isa = PBXFileReference; lastKnownFileType = sourcecode.swift; path = ResetPasswordView.swift; sourceTree = "<group>"; };
		66A49B612A91F4AE009FFD13 /* ResetPasswordViewModel.swift */ = {isa = PBXFileReference; lastKnownFileType = sourcecode.swift; path = ResetPasswordViewModel.swift; sourceTree = "<group>"; };
		66A49B642A9229AE009FFD13 /* SplashView.swift */ = {isa = PBXFileReference; lastKnownFileType = sourcecode.swift; path = SplashView.swift; sourceTree = "<group>"; };
		66A49B672A9230E3009FFD13 /* FarmHouse.otf */ = {isa = PBXFileReference; lastKnownFileType = file; path = FarmHouse.otf; sourceTree = "<group>"; };
		66A49B692A923700009FFD13 /* Barriecito-Regular.ttf */ = {isa = PBXFileReference; lastKnownFileType = file; path = "Barriecito-Regular.ttf"; sourceTree = "<group>"; };
		66A8B2102AA4EEA6008FE2A8 /* AuthenticationManager.swift */ = {isa = PBXFileReference; lastKnownFileType = sourcecode.swift; path = AuthenticationManager.swift; sourceTree = "<group>"; };
		66BF41682A531C240091F75F /* registerView.swift */ = {isa = PBXFileReference; lastKnownFileType = sourcecode.swift; path = registerView.swift; sourceTree = "<group>"; };
		66BF416C2A53257E0091F75F /* AuthManager.swift */ = {isa = PBXFileReference; lastKnownFileType = sourcecode.swift; path = AuthManager.swift; sourceTree = "<group>"; };
		66C47DFB2A5DB82900EFE65A /* MainTabView.swift */ = {isa = PBXFileReference; lastKnownFileType = sourcecode.swift; path = MainTabView.swift; sourceTree = "<group>"; };
		66C47E012A5DB9A600EFE65A /* localeKeys.swift */ = {isa = PBXFileReference; lastKnownFileType = sourcecode.swift; path = localeKeys.swift; sourceTree = "<group>"; };
		66C47E042A5DBAD000EFE65A /* MainTabModel.swift */ = {isa = PBXFileReference; lastKnownFileType = sourcecode.swift; path = MainTabModel.swift; sourceTree = "<group>"; };
		66C47E072A5DBB6900EFE65A /* Icons.swift */ = {isa = PBXFileReference; lastKnownFileType = sourcecode.swift; path = Icons.swift; sourceTree = "<group>"; };
		66D0CF5C2A710E7F00C2124D /* GrayTextField.swift */ = {isa = PBXFileReference; lastKnownFileType = sourcecode.swift; path = GrayTextField.swift; sourceTree = "<group>"; };
		66D0CF5E2A71143300C2124D /* CustomButton.swift */ = {isa = PBXFileReference; lastKnownFileType = sourcecode.swift; path = CustomButton.swift; sourceTree = "<group>"; };
		66D0CF602A71214E00C2124D /* DropdownButton.swift */ = {isa = PBXFileReference; lastKnownFileType = sourcecode.swift; path = DropdownButton.swift; sourceTree = "<group>"; };
		66E40F6E2A573CD900CFCE23 /* HomeView.swift */ = {isa = PBXFileReference; lastKnownFileType = sourcecode.swift; path = HomeView.swift; sourceTree = "<group>"; };
		66E40F732A57EE9200CFCE23 /* LoginView.swift */ = {isa = PBXFileReference; lastKnownFileType = sourcecode.swift; path = LoginView.swift; sourceTree = "<group>"; };
		66E40F762A5803C000CFCE23 /* User.swift */ = {isa = PBXFileReference; lastKnownFileType = sourcecode.swift; path = User.swift; sourceTree = "<group>"; };
		66E40F782A5815B100CFCE23 /* ProfileView.swift */ = {isa = PBXFileReference; lastKnownFileType = sourcecode.swift; path = ProfileView.swift; sourceTree = "<group>"; };
		66E798F42A6C054600C58913 /* Info.plist */ = {isa = PBXFileReference; lastKnownFileType = text.plist; path = Info.plist; sourceTree = "<group>"; };
		66F1E8E52A9B983500CB8CDA /* LoginViewModel.swift */ = {isa = PBXFileReference; lastKnownFileType = sourcecode.swift; path = LoginViewModel.swift; sourceTree = "<group>"; };
/* End PBXFileReference section */

/* Begin PBXFrameworksBuildPhase section */
		665B5C092A530AD300AD65C4 /* Frameworks */ = {
			isa = PBXFrameworksBuildPhase;
			buildActionMask = 2147483647;
			files = (
				66A407192A9F529F00A99178 /* FirebaseMessaging in Frameworks */,
				66A407112A9F529F00A99178 /* FirebaseDatabaseSwift in Frameworks */,
				66A407092A9F529F00A99178 /* FirebaseAnalyticsSwift in Frameworks */,
				66A4071D2A9F529F00A99178 /* FirebaseRemoteConfig in Frameworks */,
				66A4070D2A9F529F00A99178 /* FirebaseAuth in Frameworks */,
				66A407212A9F529F00A99178 /* FirebaseStorage in Frameworks */,
				668E228F2A9F4F6F00E865B1 /* CustomAlert in Frameworks */,
				668E22922A9F4FBE00E865B1 /* GoogleMobileAds in Frameworks */,
				66A407152A9F529F00A99178 /* FirebaseFirestoreSwift in Frameworks */,
				66A407132A9F529F00A99178 /* FirebaseFirestore in Frameworks */,
				66A4070B2A9F529F00A99178 /* FirebaseAppCheck in Frameworks */,
				66A4070F2A9F529F00A99178 /* FirebaseDatabase in Frameworks */,
				66A4071B2A9F529F00A99178 /* FirebasePerformance in Frameworks */,
				66A4071F2A9F529F00A99178 /* FirebaseRemoteConfigSwift in Frameworks */,
				66A407172A9F529F00A99178 /* FirebaseFunctions in Frameworks */,
				66A407072A9F529F00A99178 /* FirebaseAnalytics in Frameworks */,
			);
			runOnlyForDeploymentPostprocessing = 0;
		};
		665B5C192A530AD400AD65C4 /* Frameworks */ = {
			isa = PBXFrameworksBuildPhase;
			buildActionMask = 2147483647;
			files = (
			);
			runOnlyForDeploymentPostprocessing = 0;
		};
		665B5C232A530AD400AD65C4 /* Frameworks */ = {
			isa = PBXFrameworksBuildPhase;
			buildActionMask = 2147483647;
			files = (
			);
			runOnlyForDeploymentPostprocessing = 0;
		};
/* End PBXFrameworksBuildPhase section */

/* Begin PBXGroup section */
		660910922A6FC2FC001DDAA2 /* CreatedEvent */ = {
			isa = PBXGroup;
			children = (
				660910932A6FC30F001DDAA2 /* CreatedEventView.swift */,
				660910952A6FC31F001DDAA2 /* CreatedEventViewModel.swift */,
			);
			path = CreatedEvent;
			sourceTree = "<group>";
		};
		660910972A6FDB27001DDAA2 /* EditEvent */ = {
			isa = PBXGroup;
			children = (
				66D0CF622A7123F600C2124D /* Comps */,
				660910982A6FDB3C001DDAA2 /* EditEventView.swift */,
				669AE7DE2A700F9400CF922E /* EditEventViewModel.swift */,
				6618E6892A9A3F7C0017BE9F /* EditMapView.swift */,
			);
			path = EditEvent;
			sourceTree = "<group>";
		};
		6609109A2A6FDB49001DDAA2 /* ShowUser */ = {
			isa = PBXGroup;
			children = (
				6609109B2A6FDB5C001DDAA2 /* AddUserEventView.swift */,
				6609109D2A6FEC49001DDAA2 /* AddUserEventViewModel.swift */,
			);
			path = ShowUser;
			sourceTree = "<group>";
		};
		660A85312A5AB8AB00B10335 /* AddEvent */ = {
			isa = PBXGroup;
			children = (
				666820E92A9DD347002541EC /* AddEvent2 */,
				666820E82A9DD338002541EC /* AddEvent */,
				668DBE6B2A61FFD000C2E582 /* Components */,
			);
			path = AddEvent;
			sourceTree = "<group>";
		};
		6619F88D2A6DDAD300A8A590 /* SavedEvent */ = {
			isa = PBXGroup;
			children = (
				6619F88E2A6DDAE400A8A590 /* SavedEventView.swift */,
				6619F8902A6DDBDC00A8A590 /* SavedEventViewModel.swift */,
			);
			path = SavedEvent;
			sourceTree = "<group>";
		};
		661B5CCD2A8D2D4B00C22D5D /* Request */ = {
			isa = PBXGroup;
			children = (
				661B5CCE2A8D2D6D00C22D5D /* RequestView.swift */,
				661B5CD02A8D2DA400C22D5D /* RequestViewModel.swift */,
			);
			path = Request;
			sourceTree = "<group>";
		};
		662723052A96853800901903 /* DistanceForLocation */ = {
			isa = PBXGroup;
			children = (
				662723062A9685A800901903 /* DistanceForLocationView.swift */,
				662723082A9685BC00901903 /* DistanceForLocationViewModel.swift */,
			);
			path = DistanceForLocation;
			sourceTree = "<group>";
		};
		6637411B2A8E3461005FFAB4 /* MustLogin */ = {
			isa = PBXGroup;
			children = (
				6637411C2A8E347A005FFAB4 /* MustLoginView.swift */,
			);
			path = MustLogin;
			sourceTree = "<group>";
		};
		6637B6E32A63E114006BC297 /* Components */ = {
			isa = PBXGroup;
			children = (
				6637B6E42A63E139006BC297 /* EventPropertiesRow.swift */,
			);
			path = Components;
			sourceTree = "<group>";
		};
		6637B6E62A6531C0006BC297 /* AddLocationView */ = {
			isa = PBXGroup;
			children = (
				6637B6E72A6531D8006BC297 /* AddMapView.swift */,
				6608659D2A7AB32800CB4013 /* MapUIView.swift */,
			);
			path = AddLocationView;
			sourceTree = "<group>";
		};
		664170052A65A98A00267D59 /* Model */ = {
			isa = PBXGroup;
			children = (
				6641700B2A668BDF00267D59 /* CategoriesModel.swift */,
			);
			path = Model;
			sourceTree = "<group>";
		};
		664170082A6688CE00267D59 /* Components */ = {
			isa = PBXGroup;
			children = (
				664170092A6688E700267D59 /* Components.swift */,
			);
			path = Components;
			sourceTree = "<group>";
		};
		6650FC842A96645C00841053 /* Map */ = {
			isa = PBXGroup;
			children = (
				6672588B2A5EE47600ED41DD /* MapView.swift */,
				6650FC852A96647200841053 /* MapViewModel.swift */,
			);
			path = Map;
			sourceTree = "<group>";
		};
		665B5C032A530AD300AD65C4 = {
			isa = PBXGroup;
			children = (
				665B5C0E2A530AD300AD65C4 /* EventPlanner */,
				665B5C1F2A530AD400AD65C4 /* EventPlannerTests */,
				665B5C292A530AD400AD65C4 /* EventPlannerUITests */,
				665B5C0D2A530AD300AD65C4 /* Products */,
				666ECDBE2AA1D1BD00E87EEB /* Frameworks */,
			);
			sourceTree = "<group>";
		};
		665B5C0D2A530AD300AD65C4 /* Products */ = {
			isa = PBXGroup;
			children = (
				665B5C0C2A530AD300AD65C4 /* EventPlanner.app */,
				665B5C1C2A530AD400AD65C4 /* EventPlannerTests.xctest */,
				665B5C262A530AD400AD65C4 /* EventPlannerUITests.xctest */,
			);
			name = Products;
			sourceTree = "<group>";
		};
		665B5C0E2A530AD300AD65C4 /* EventPlanner */ = {
			isa = PBXGroup;
			children = (
				662355B92A93916B00DCDB91 /* EventPlanner.entitlements */,
				66E798F42A6C054600C58913 /* Info.plist */,
				66C47E062A5DBB4600EFE65A /* Enums */,
				6669D22C2A5A226B00CB9C5D /* Components */,
				66E40F752A5803B300CFCE23 /* Model */,
				66C47DFD2A5DB86300EFE65A /* Utils */,
				66FA0ECC2A6E5C16002994EC /* Manager */,
				66C47DF82A5DB7E200EFE65A /* Features */,
				66BF416A2A5325480091F75F /* ViewModel */,
				665B5C0F2A530AD300AD65C4 /* EventPlannerApp.swift */,
				662355D12A93AA2C00DCDB91 /* GoogleService-Info.plist */,
				665B5C132A530AD400AD65C4 /* Assets.xcassets */,
				665B5C152A530AD400AD65C4 /* Preview Content */,
			);
			path = EventPlanner;
			sourceTree = "<group>";
		};
		665B5C152A530AD400AD65C4 /* Preview Content */ = {
			isa = PBXGroup;
			children = (
				665B5C162A530AD400AD65C4 /* Preview Assets.xcassets */,
			);
			path = "Preview Content";
			sourceTree = "<group>";
		};
		665B5C1F2A530AD400AD65C4 /* EventPlannerTests */ = {
			isa = PBXGroup;
			children = (
				665B5C202A530AD400AD65C4 /* EventPlannerTests.swift */,
			);
			path = EventPlannerTests;
			sourceTree = "<group>";
		};
		665B5C292A530AD400AD65C4 /* EventPlannerUITests */ = {
			isa = PBXGroup;
			children = (
				665B5C2A2A530AD400AD65C4 /* EventPlannerUITests.swift */,
				665B5C2C2A530AD400AD65C4 /* EventPlannerUITestsLaunchTests.swift */,
			);
			path = EventPlannerUITests;
			sourceTree = "<group>";
		};
		666820E82A9DD338002541EC /* AddEvent */ = {
			isa = PBXGroup;
			children = (
				6669D22F2A5A2EB100CB9C5D /* AddEventView.swift */,
				660B74352AA33A710022DF22 /* AddEventModel.swift */,
			);
			path = AddEvent;
			sourceTree = "<group>";
		};
		666820E92A9DD347002541EC /* AddEvent2 */ = {
			isa = PBXGroup;
			children = (
				660A85322A5AB8CE00B10335 /* AddEvent2View.swift */,
				666820E62A9DD269002541EC /* Add2EventViewModel.swift */,
			);
			path = AddEvent2;
			sourceTree = "<group>";
		};
		6669D22C2A5A226B00CB9C5D /* Components */ = {
			isa = PBXGroup;
			children = (
				6669D22D2A5A227F00CB9C5D /* SettingRowView.swift */,
			);
			path = Components;
			sourceTree = "<group>";
		};
		666ECDBE2AA1D1BD00E87EEB /* Frameworks */ = {
			isa = PBXGroup;
			children = (
			);
			name = Frameworks;
			sourceTree = "<group>";
		};
		667258822A5ED5F300ED41DD /* Login */ = {
			isa = PBXGroup;
			children = (
				66E40F732A57EE9200CFCE23 /* LoginView.swift */,
				66F1E8E52A9B983500CB8CDA /* LoginViewModel.swift */,
			);
			path = Login;
			sourceTree = "<group>";
		};
		667258832A5ED60800ED41DD /* Register */ = {
			isa = PBXGroup;
			children = (
				66BF41682A531C240091F75F /* registerView.swift */,
				663DD86A2A9BADBB00D22A5B /* RegisterViewModel.swift */,
			);
			path = Register;
			sourceTree = "<group>";
		};
		667258842A5ED62E00ED41DD /* HomePage */ = {
			isa = PBXGroup;
			children = (
				66E40F6E2A573CD900CFCE23 /* HomeView.swift */,
				664170032A659E6E00267D59 /* HomeViewModel.swift */,
			);
			path = HomePage;
			sourceTree = "<group>";
		};
		667258852A5ED63B00ED41DD /* Event */ = {
			isa = PBXGroup;
			children = (
				665267A12A6751410061908E /* MyEventsView.swift */,
				668F43D72A68517700A0C1CF /* EventPageViewModel.swift */,
			);
			path = Event;
			sourceTree = "<group>";
		};
		667258862A5ED64A00ED41DD /* DetailEvent */ = {
			isa = PBXGroup;
			children = (
				6637B6E32A63E114006BC297 /* Components */,
				6637B6E12A63DECD006BC297 /* DetailEventView.swift */,
				668F43D52A67F04E00A0C1CF /* DetailEventViewModel.swift */,
			);
			path = DetailEvent;
			sourceTree = "<group>";
		};
		667258872A5ED69000ED41DD /* Content */ = {
			isa = PBXGroup;
			children = (
				665B5C112A530AD300AD65C4 /* ContentView.swift */,
			);
			path = Content;
			sourceTree = "<group>";
		};
		667258892A5ED6B700ED41DD /* Profile */ = {
			isa = PBXGroup;
			children = (
				66E40F782A5815B100CFCE23 /* ProfileView.swift */,
				6674404A2A6D7F8A003D85A0 /* ProfileViewModel.swift */,
			);
			path = Profile;
			sourceTree = "<group>";
		};
		6672588A2A5EE46300ED41DD /* Location */ = {
			isa = PBXGroup;
			children = (
				66FA0ECB2A6E561E002994EC /* Model */,
				6637B6E62A6531C0006BC297 /* AddLocationView */,
			);
			path = Location;
			sourceTree = "<group>";
		};
		6674404E2A6D8095003D85A0 /* EditProfile */ = {
			isa = PBXGroup;
			children = (
				6674404F2A6D80C8003D85A0 /* EditProfileView.swift */,
				6628FA862A6D85BA003C7628 /* EditProfileViewModel.swift */,
			);
			path = EditProfile;
			sourceTree = "<group>";
		};
		668DBE6B2A61FFD000C2E582 /* Components */ = {
			isa = PBXGroup;
			children = (
				668DBE6C2A61FFEE00C2E582 /* CustomTextField.swift */,
				6637411E2A8F5317005FFAB4 /* BorderTextField.swift */,
			);
			path = Components;
			sourceTree = "<group>";
		};
		66A49B592A9126B3009FFD13 /* InvolvedEvent */ = {
			isa = PBXGroup;
			children = (
				66A49B5A2A91270F009FFD13 /* InvolvedEventView.swift */,
				66A49B5C2A912726009FFD13 /* InvolvedEventViewModel.swift */,
			);
			path = InvolvedEvent;
			sourceTree = "<group>";
		};
		66A49B5E2A91F364009FFD13 /* ResetPassword */ = {
			isa = PBXGroup;
			children = (
				66A49B5F2A91F37A009FFD13 /* ResetPasswordView.swift */,
				66A49B612A91F4AE009FFD13 /* ResetPasswordViewModel.swift */,
			);
			path = ResetPassword;
			sourceTree = "<group>";
		};
		66A49B632A922989009FFD13 /* SplashScreen */ = {
			isa = PBXGroup;
			children = (
				66A49B642A9229AE009FFD13 /* SplashView.swift */,
			);
			path = SplashScreen;
			sourceTree = "<group>";
		};
		66A49B662A9230CC009FFD13 /* Fonts */ = {
			isa = PBXGroup;
			children = (
				66A49B692A923700009FFD13 /* Barriecito-Regular.ttf */,
				668398F32A961D9C00F31577 /* TiltPrism-Regular-VariableFont_XROT,YROT.ttf */,
				66A49B672A9230E3009FFD13 /* FarmHouse.otf */,
			);
			path = Fonts;
			sourceTree = "<group>";
		};
		66BF416A2A5325480091F75F /* ViewModel */ = {
			isa = PBXGroup;
			children = (
				66BF416C2A53257E0091F75F /* AuthManager.swift */,
				660A85342A5AC84500B10335 /* EventViewModel.swift */,
				660E7F0D2A9CB902004E24A4 /* EventsManager.swift */,
				666820EA2A9E140D002541EC /* RequestManager.swift */,
				66510E112A9E9F44000BDFA0 /* SavedManager.swift */,
				666ECDBF2AA1D53900E87EEB /* AnalyticsManager.swift */,
				66A8B2102AA4EEA6008FE2A8 /* AuthenticationManager.swift */,
			);
			path = ViewModel;
			sourceTree = "<group>";
		};
		66C47DF82A5DB7E200EFE65A /* Features */ = {
			isa = PBXGroup;
			children = (
				662723052A96853800901903 /* DistanceForLocation */,
				6650FC842A96645C00841053 /* Map */,
				66A49B632A922989009FFD13 /* SplashScreen */,
				66A49B5E2A91F364009FFD13 /* ResetPassword */,
				66A49B592A9126B3009FFD13 /* InvolvedEvent */,
				6637411B2A8E3461005FFAB4 /* MustLogin */,
				661B5CCD2A8D2D4B00C22D5D /* Request */,
				6609109A2A6FDB49001DDAA2 /* ShowUser */,
				660910972A6FDB27001DDAA2 /* EditEvent */,
				660910922A6FC2FC001DDAA2 /* CreatedEvent */,
				6619F88D2A6DDAD300A8A590 /* SavedEvent */,
				664170082A6688CE00267D59 /* Components */,
				6672588A2A5EE46300ED41DD /* Location */,
				6674404E2A6D8095003D85A0 /* EditProfile */,
				667258892A5ED6B700ED41DD /* Profile */,
				667258872A5ED69000ED41DD /* Content */,
				667258862A5ED64A00ED41DD /* DetailEvent */,
				667258852A5ED63B00ED41DD /* Event */,
				660A85312A5AB8AB00B10335 /* AddEvent */,
				66C47DFA2A5DB80800EFE65A /* Main */,
				667258832A5ED60800ED41DD /* Register */,
				667258822A5ED5F300ED41DD /* Login */,
				66C47DF92A5DB7FE00EFE65A /* Home */,
			);
			path = Features;
			sourceTree = "<group>";
		};
		66C47DF92A5DB7FE00EFE65A /* Home */ = {
			isa = PBXGroup;
			children = (
				664170052A65A98A00267D59 /* Model */,
				667258842A5ED62E00ED41DD /* HomePage */,
			);
			path = Home;
			sourceTree = "<group>";
		};
		66C47DFA2A5DB80800EFE65A /* Main */ = {
			isa = PBXGroup;
			children = (
				66C47E032A5DBABB00EFE65A /* Model */,
				66C47DFB2A5DB82900EFE65A /* MainTabView.swift */,
			);
			path = Main;
			sourceTree = "<group>";
		};
		66C47DFD2A5DB86300EFE65A /* Utils */ = {
			isa = PBXGroup;
			children = (
				66A49B662A9230CC009FFD13 /* Fonts */,
				66C47DFE2A5DB86D00EFE65A /* Locale */,
			);
			path = Utils;
			sourceTree = "<group>";
		};
		66C47DFE2A5DB86D00EFE65A /* Locale */ = {
			isa = PBXGroup;
			children = (
				66C47E012A5DB9A600EFE65A /* localeKeys.swift */,
				66374C442AA242DE008A91A5 /* Localizable.strings */,
			);
			path = Locale;
			sourceTree = "<group>";
		};
		66C47E032A5DBABB00EFE65A /* Model */ = {
			isa = PBXGroup;
			children = (
				66C47E042A5DBAD000EFE65A /* MainTabModel.swift */,
			);
			path = Model;
			sourceTree = "<group>";
		};
		66C47E062A5DBB4600EFE65A /* Enums */ = {
			isa = PBXGroup;
			children = (
				66C47E072A5DBB6900EFE65A /* Icons.swift */,
				6650034B2A8A522B0034DDC7 /* Route.swift */,
			);
			path = Enums;
			sourceTree = "<group>";
		};
		66D0CF622A7123F600C2124D /* Comps */ = {
			isa = PBXGroup;
			children = (
				66D0CF5C2A710E7F00C2124D /* GrayTextField.swift */,
				66D0CF5E2A71143300C2124D /* CustomButton.swift */,
				66D0CF602A71214E00C2124D /* DropdownButton.swift */,
			);
			path = Comps;
			sourceTree = "<group>";
		};
		66E40F752A5803B300CFCE23 /* Model */ = {
			isa = PBXGroup;
			children = (
				66E40F762A5803C000CFCE23 /* User.swift */,
				6669D2312A5A2FFE00CB9C5D /* Event.swift */,
				66661AAA2A69D7AC0080D7B8 /* Request.swift */,
				660E7F0F2A9CBE76004E24A4 /* EventDatabase.swift */,
				66510E132A9E9FAA000BDFA0 /* SavedEvent.swift */,
			);
			path = Model;
			sourceTree = "<group>";
		};
		66FA0ECB2A6E561E002994EC /* Model */ = {
			isa = PBXGroup;
			children = (
				6672589E2A61652000ED41DD /* AnnotationModel.swift */,
			);
			path = Model;
			sourceTree = "<group>";
		};
		66FA0ECC2A6E5C16002994EC /* Manager */ = {
			isa = PBXGroup;
			children = (
				6672589A2A6157C200ED41DD /* LocationManager.swift */,
				667258A02A6167BE00ED41DD /* AnnotationManager.swift */,
				665A9C952A9A6E3C0098EE7A /* NetworkManager.swift */,
			);
			path = Manager;
			sourceTree = "<group>";
		};
/* End PBXGroup section */

/* Begin PBXNativeTarget section */
		665B5C0B2A530AD300AD65C4 /* EventPlanner */ = {
			isa = PBXNativeTarget;
			buildConfigurationList = 665B5C302A530AD400AD65C4 /* Build configuration list for PBXNativeTarget "EventPlanner" */;
			buildPhases = (
				665B5C082A530AD300AD65C4 /* Sources */,
				665B5C092A530AD300AD65C4 /* Frameworks */,
				665B5C0A2A530AD300AD65C4 /* Resources */,
			);
			buildRules = (
			);
			dependencies = (
			);
			name = EventPlanner;
			packageProductDependencies = (
				668E228E2A9F4F6F00E865B1 /* CustomAlert */,
				668E22912A9F4FBE00E865B1 /* GoogleMobileAds */,
				66A407062A9F529F00A99178 /* FirebaseAnalytics */,
				66A407082A9F529F00A99178 /* FirebaseAnalyticsSwift */,
				66A4070A2A9F529F00A99178 /* FirebaseAppCheck */,
				66A4070C2A9F529F00A99178 /* FirebaseAuth */,
				66A4070E2A9F529F00A99178 /* FirebaseDatabase */,
				66A407102A9F529F00A99178 /* FirebaseDatabaseSwift */,
				66A407122A9F529F00A99178 /* FirebaseFirestore */,
				66A407142A9F529F00A99178 /* FirebaseFirestoreSwift */,
				66A407162A9F529F00A99178 /* FirebaseFunctions */,
				66A407182A9F529F00A99178 /* FirebaseMessaging */,
				66A4071A2A9F529F00A99178 /* FirebasePerformance */,
				66A4071C2A9F529F00A99178 /* FirebaseRemoteConfig */,
				66A4071E2A9F529F00A99178 /* FirebaseRemoteConfigSwift */,
				66A407202A9F529F00A99178 /* FirebaseStorage */,
			);
			productName = EventPlanner;
			productReference = 665B5C0C2A530AD300AD65C4 /* EventPlanner.app */;
			productType = "com.apple.product-type.application";
		};
		665B5C1B2A530AD400AD65C4 /* EventPlannerTests */ = {
			isa = PBXNativeTarget;
			buildConfigurationList = 665B5C332A530AD400AD65C4 /* Build configuration list for PBXNativeTarget "EventPlannerTests" */;
			buildPhases = (
				665B5C182A530AD400AD65C4 /* Sources */,
				665B5C192A530AD400AD65C4 /* Frameworks */,
				665B5C1A2A530AD400AD65C4 /* Resources */,
			);
			buildRules = (
			);
			dependencies = (
				665B5C1E2A530AD400AD65C4 /* PBXTargetDependency */,
			);
			name = EventPlannerTests;
			productName = EventPlannerTests;
			productReference = 665B5C1C2A530AD400AD65C4 /* EventPlannerTests.xctest */;
			productType = "com.apple.product-type.bundle.unit-test";
		};
		665B5C252A530AD400AD65C4 /* EventPlannerUITests */ = {
			isa = PBXNativeTarget;
			buildConfigurationList = 665B5C362A530AD400AD65C4 /* Build configuration list for PBXNativeTarget "EventPlannerUITests" */;
			buildPhases = (
				665B5C222A530AD400AD65C4 /* Sources */,
				665B5C232A530AD400AD65C4 /* Frameworks */,
				665B5C242A530AD400AD65C4 /* Resources */,
			);
			buildRules = (
			);
			dependencies = (
				665B5C282A530AD400AD65C4 /* PBXTargetDependency */,
			);
			name = EventPlannerUITests;
			productName = EventPlannerUITests;
			productReference = 665B5C262A530AD400AD65C4 /* EventPlannerUITests.xctest */;
			productType = "com.apple.product-type.bundle.ui-testing";
		};
/* End PBXNativeTarget section */

/* Begin PBXProject section */
		665B5C042A530AD300AD65C4 /* Project object */ = {
			isa = PBXProject;
			attributes = {
				BuildIndependentTargetsInParallel = 1;
				LastSwiftUpdateCheck = 1430;
				LastUpgradeCheck = 1430;
				TargetAttributes = {
					665B5C0B2A530AD300AD65C4 = {
						CreatedOnToolsVersion = 14.3;
					};
					665B5C1B2A530AD400AD65C4 = {
						CreatedOnToolsVersion = 14.3;
						TestTargetID = 665B5C0B2A530AD300AD65C4;
					};
					665B5C252A530AD400AD65C4 = {
						CreatedOnToolsVersion = 14.3;
						TestTargetID = 665B5C0B2A530AD300AD65C4;
					};
				};
			};
			buildConfigurationList = 665B5C072A530AD300AD65C4 /* Build configuration list for PBXProject "EventPlanner" */;
			compatibilityVersion = "Xcode 14.0";
			developmentRegion = en;
			hasScannedForEncodings = 0;
			knownRegions = (
				en,
				Base,
				de,
				tr,
				es,
			);
			mainGroup = 665B5C032A530AD300AD65C4;
			packageReferences = (
				668E228D2A9F4F6F00E865B1 /* XCRemoteSwiftPackageReference "CustomAlert" */,
				668E22902A9F4FBE00E865B1 /* XCRemoteSwiftPackageReference "swift-package-manager-google-mobile-ads" */,
				66A407052A9F529F00A99178 /* XCRemoteSwiftPackageReference "firebase-ios-sdk" */,
			);
			productRefGroup = 665B5C0D2A530AD300AD65C4 /* Products */;
			projectDirPath = "";
			projectRoot = "";
			targets = (
				665B5C0B2A530AD300AD65C4 /* EventPlanner */,
				665B5C1B2A530AD400AD65C4 /* EventPlannerTests */,
				665B5C252A530AD400AD65C4 /* EventPlannerUITests */,
			);
		};
/* End PBXProject section */

/* Begin PBXResourcesBuildPhase section */
		665B5C0A2A530AD300AD65C4 /* Resources */ = {
			isa = PBXResourcesBuildPhase;
			buildActionMask = 2147483647;
			files = (
				665B5C172A530AD400AD65C4 /* Preview Assets.xcassets in Resources */,
				66374C422AA242DE008A91A5 /* Localizable.strings in Resources */,
				668398F42A961D9C00F31577 /* TiltPrism-Regular-VariableFont_XROT,YROT.ttf in Resources */,
				66A49B6A2A923701009FFD13 /* Barriecito-Regular.ttf in Resources */,
				665B5C142A530AD400AD65C4 /* Assets.xcassets in Resources */,
				662355D22A93AA2C00DCDB91 /* GoogleService-Info.plist in Resources */,
			);
			runOnlyForDeploymentPostprocessing = 0;
		};
		665B5C1A2A530AD400AD65C4 /* Resources */ = {
			isa = PBXResourcesBuildPhase;
			buildActionMask = 2147483647;
			files = (
			);
			runOnlyForDeploymentPostprocessing = 0;
		};
		665B5C242A530AD400AD65C4 /* Resources */ = {
			isa = PBXResourcesBuildPhase;
			buildActionMask = 2147483647;
			files = (
			);
			runOnlyForDeploymentPostprocessing = 0;
		};
/* End PBXResourcesBuildPhase section */

/* Begin PBXSourcesBuildPhase section */
		665B5C082A530AD300AD65C4 /* Sources */ = {
			isa = PBXSourcesBuildPhase;
			buildActionMask = 2147483647;
			files = (
				667440502A6D80C8003D85A0 /* EditProfileView.swift in Sources */,
				66D0CF5F2A71143300C2124D /* CustomButton.swift in Sources */,
				660B74362AA33A710022DF22 /* AddEventModel.swift in Sources */,
				660910942A6FC30F001DDAA2 /* CreatedEventView.swift in Sources */,
				661B5CCF2A8D2D6D00C22D5D /* RequestView.swift in Sources */,
				669AE7DF2A700F9400CF922E /* EditEventViewModel.swift in Sources */,
				661B5CD12A8D2DA400C22D5D /* RequestViewModel.swift in Sources */,
				6650034C2A8A522B0034DDC7 /* Route.swift in Sources */,
				66BF41692A531C240091F75F /* registerView.swift in Sources */,
				66F1E8E62A9B983500CB8CDA /* LoginViewModel.swift in Sources */,
				665B5C122A530AD300AD65C4 /* ContentView.swift in Sources */,
				6609109C2A6FDB5C001DDAA2 /* AddUserEventView.swift in Sources */,
				667258A12A6167BE00ED41DD /* AnnotationManager.swift in Sources */,
				660E7F102A9CBE76004E24A4 /* EventDatabase.swift in Sources */,
				660A85352A5AC84500B10335 /* EventViewModel.swift in Sources */,
				662723072A9685A800901903 /* DistanceForLocationView.swift in Sources */,
				6637411F2A8F5317005FFAB4 /* BorderTextField.swift in Sources */,
				6637B6E22A63DECD006BC297 /* DetailEventView.swift in Sources */,
				6637B6E82A6531D8006BC297 /* AddMapView.swift in Sources */,
				66A49B5B2A91270F009FFD13 /* InvolvedEventView.swift in Sources */,
				660910962A6FC31F001DDAA2 /* CreatedEventViewModel.swift in Sources */,
				6618E68A2A9A3F7C0017BE9F /* EditMapView.swift in Sources */,
				66661AAB2A69D7AC0080D7B8 /* Request.swift in Sources */,
				665A9C962A9A6E3C0098EE7A /* NetworkManager.swift in Sources */,
				66E40F792A5815B100CFCE23 /* ProfileView.swift in Sources */,
				66BF416D2A53257E0091F75F /* AuthManager.swift in Sources */,
				666820EB2A9E140D002541EC /* RequestManager.swift in Sources */,
				66A49B652A9229AE009FFD13 /* SplashView.swift in Sources */,
				666820E72A9DD269002541EC /* Add2EventViewModel.swift in Sources */,
				660A85332A5AB8CE00B10335 /* AddEvent2View.swift in Sources */,
				668F43D82A68517700A0C1CF /* EventPageViewModel.swift in Sources */,
				6672589F2A61652000ED41DD /* AnnotationModel.swift in Sources */,
				662723092A9685BC00901903 /* DistanceForLocationViewModel.swift in Sources */,
				668DBE6D2A61FFEE00C2E582 /* CustomTextField.swift in Sources */,
				6674404B2A6D7F8A003D85A0 /* ProfileViewModel.swift in Sources */,
				666ECDC02AA1D53900E87EEB /* AnalyticsManager.swift in Sources */,
				6637411D2A8E347A005FFAB4 /* MustLoginView.swift in Sources */,
				6608659E2A7AB32800CB4013 /* MapUIView.swift in Sources */,
				66D0CF5D2A710E7F00C2124D /* GrayTextField.swift in Sources */,
				6669D2302A5A2EB100CB9C5D /* AddEventView.swift in Sources */,
				664170042A659E6E00267D59 /* HomeViewModel.swift in Sources */,
				66510E122A9E9F44000BDFA0 /* SavedManager.swift in Sources */,
				66A49B622A91F4AE009FFD13 /* ResetPasswordViewModel.swift in Sources */,
				663DD86B2A9BADBB00D22A5B /* RegisterViewModel.swift in Sources */,
				66A49B602A91F37A009FFD13 /* ResetPasswordView.swift in Sources */,
				6619F88F2A6DDAE400A8A590 /* SavedEventView.swift in Sources */,
				66E40F6F2A573CD900CFCE23 /* HomeView.swift in Sources */,
				66C47DFC2A5DB82900EFE65A /* MainTabView.swift in Sources */,
				668F43D62A67F04E00A0C1CF /* DetailEventViewModel.swift in Sources */,
				66E40F772A5803C000CFCE23 /* User.swift in Sources */,
				6641700C2A668BDF00267D59 /* CategoriesModel.swift in Sources */,
				6669D22E2A5A227F00CB9C5D /* SettingRowView.swift in Sources */,
				66C47E082A5DBB6900EFE65A /* Icons.swift in Sources */,
				6628FA872A6D85BA003C7628 /* EditProfileViewModel.swift in Sources */,
				66A8B2112AA4EEA6008FE2A8 /* AuthenticationManager.swift in Sources */,
				6641700A2A6688E700267D59 /* Components.swift in Sources */,
				6619F8912A6DDBDC00A8A590 /* SavedEventViewModel.swift in Sources */,
				66C47E052A5DBAD000EFE65A /* MainTabModel.swift in Sources */,
				6672588C2A5EE47600ED41DD /* MapView.swift in Sources */,
				660910992A6FDB3C001DDAA2 /* EditEventView.swift in Sources */,
				66A49B5D2A912726009FFD13 /* InvolvedEventViewModel.swift in Sources */,
				66C47E022A5DB9A600EFE65A /* localeKeys.swift in Sources */,
				6650FC862A96647200841053 /* MapViewModel.swift in Sources */,
				66D0CF612A71214E00C2124D /* DropdownButton.swift in Sources */,
				6637B6E52A63E139006BC297 /* EventPropertiesRow.swift in Sources */,
				665267A22A6751410061908E /* MyEventsView.swift in Sources */,
				66E40F742A57EE9200CFCE23 /* LoginView.swift in Sources */,
				66510E142A9E9FAA000BDFA0 /* SavedEvent.swift in Sources */,
				660E7F0E2A9CB902004E24A4 /* EventsManager.swift in Sources */,
				6669D2322A5A2FFE00CB9C5D /* Event.swift in Sources */,
				665B5C102A530AD300AD65C4 /* EventPlannerApp.swift in Sources */,
				6672589B2A6157C200ED41DD /* LocationManager.swift in Sources */,
				6609109E2A6FEC49001DDAA2 /* AddUserEventViewModel.swift in Sources */,
			);
			runOnlyForDeploymentPostprocessing = 0;
		};
		665B5C182A530AD400AD65C4 /* Sources */ = {
			isa = PBXSourcesBuildPhase;
			buildActionMask = 2147483647;
			files = (
				665B5C212A530AD400AD65C4 /* EventPlannerTests.swift in Sources */,
			);
			runOnlyForDeploymentPostprocessing = 0;
		};
		665B5C222A530AD400AD65C4 /* Sources */ = {
			isa = PBXSourcesBuildPhase;
			buildActionMask = 2147483647;
			files = (
				665B5C2D2A530AD400AD65C4 /* EventPlannerUITestsLaunchTests.swift in Sources */,
				665B5C2B2A530AD400AD65C4 /* EventPlannerUITests.swift in Sources */,
			);
			runOnlyForDeploymentPostprocessing = 0;
		};
/* End PBXSourcesBuildPhase section */

/* Begin PBXTargetDependency section */
		665B5C1E2A530AD400AD65C4 /* PBXTargetDependency */ = {
			isa = PBXTargetDependency;
			target = 665B5C0B2A530AD300AD65C4 /* EventPlanner */;
			targetProxy = 665B5C1D2A530AD400AD65C4 /* PBXContainerItemProxy */;
		};
		665B5C282A530AD400AD65C4 /* PBXTargetDependency */ = {
			isa = PBXTargetDependency;
			target = 665B5C0B2A530AD300AD65C4 /* EventPlanner */;
			targetProxy = 665B5C272A530AD400AD65C4 /* PBXContainerItemProxy */;
		};
/* End PBXTargetDependency section */

/* Begin PBXVariantGroup section */
		66374C442AA242DE008A91A5 /* Localizable.strings */ = {
			isa = PBXVariantGroup;
			children = (
				66374C432AA242DE008A91A5 /* en */,
				66374C452AA2430B008A91A5 /* tr */,
				66374C462AA24366008A91A5 /* de */,
				66374C472AA24381008A91A5 /* es */,
			);
			name = Localizable.strings;
			sourceTree = "<group>";
		};
/* End PBXVariantGroup section */

/* Begin XCBuildConfiguration section */
		665B5C2E2A530AD400AD65C4 /* Debug */ = {
			isa = XCBuildConfiguration;
			buildSettings = {
				ALWAYS_SEARCH_USER_PATHS = NO;
				CLANG_ANALYZER_LOCALIZABILITY_NONLOCALIZED = YES;
				CLANG_ANALYZER_NONNULL = YES;
				CLANG_ANALYZER_NUMBER_OBJECT_CONVERSION = YES_AGGRESSIVE;
				CLANG_CXX_LANGUAGE_STANDARD = "gnu++20";
				CLANG_ENABLE_MODULES = YES;
				CLANG_ENABLE_OBJC_ARC = YES;
				CLANG_ENABLE_OBJC_WEAK = YES;
				CLANG_WARN_BLOCK_CAPTURE_AUTORELEASING = YES;
				CLANG_WARN_BOOL_CONVERSION = YES;
				CLANG_WARN_COMMA = YES;
				CLANG_WARN_CONSTANT_CONVERSION = YES;
				CLANG_WARN_DEPRECATED_OBJC_IMPLEMENTATIONS = YES;
				CLANG_WARN_DIRECT_OBJC_ISA_USAGE = YES_ERROR;
				CLANG_WARN_DOCUMENTATION_COMMENTS = YES;
				CLANG_WARN_EMPTY_BODY = YES;
				CLANG_WARN_ENUM_CONVERSION = YES;
				CLANG_WARN_INFINITE_RECURSION = YES;
				CLANG_WARN_INT_CONVERSION = YES;
				CLANG_WARN_NON_LITERAL_NULL_CONVERSION = YES;
				CLANG_WARN_OBJC_IMPLICIT_RETAIN_SELF = YES;
				CLANG_WARN_OBJC_LITERAL_CONVERSION = YES;
				CLANG_WARN_OBJC_ROOT_CLASS = YES_ERROR;
				CLANG_WARN_QUOTED_INCLUDE_IN_FRAMEWORK_HEADER = YES;
				CLANG_WARN_RANGE_LOOP_ANALYSIS = YES;
				CLANG_WARN_STRICT_PROTOTYPES = YES;
				CLANG_WARN_SUSPICIOUS_MOVE = YES;
				CLANG_WARN_UNGUARDED_AVAILABILITY = YES_AGGRESSIVE;
				CLANG_WARN_UNREACHABLE_CODE = YES;
				CLANG_WARN__DUPLICATE_METHOD_MATCH = YES;
				COPY_PHASE_STRIP = NO;
				DEBUG_INFORMATION_FORMAT = dwarf;
				ENABLE_STRICT_OBJC_MSGSEND = YES;
				ENABLE_TESTABILITY = YES;
				GCC_C_LANGUAGE_STANDARD = gnu11;
				GCC_DYNAMIC_NO_PIC = NO;
				GCC_NO_COMMON_BLOCKS = YES;
				GCC_OPTIMIZATION_LEVEL = 0;
				GCC_PREPROCESSOR_DEFINITIONS = (
					"DEBUG=1",
					"$(inherited)",
				);
				GCC_WARN_64_TO_32_BIT_CONVERSION = YES;
				GCC_WARN_ABOUT_RETURN_TYPE = YES_ERROR;
				GCC_WARN_UNDECLARED_SELECTOR = YES;
				GCC_WARN_UNINITIALIZED_AUTOS = YES_AGGRESSIVE;
				GCC_WARN_UNUSED_FUNCTION = YES;
				GCC_WARN_UNUSED_VARIABLE = YES;
				IPHONEOS_DEPLOYMENT_TARGET = 16.4;
				MTL_ENABLE_DEBUG_INFO = INCLUDE_SOURCE;
				MTL_FAST_MATH = YES;
				ONLY_ACTIVE_ARCH = YES;
				SDKROOT = iphoneos;
				SWIFT_ACTIVE_COMPILATION_CONDITIONS = DEBUG;
				SWIFT_EMIT_LOC_STRINGS = YES;
				SWIFT_OPTIMIZATION_LEVEL = "-Onone";
			};
			name = Debug;
		};
		665B5C2F2A530AD400AD65C4 /* Release */ = {
			isa = XCBuildConfiguration;
			buildSettings = {
				ALWAYS_SEARCH_USER_PATHS = NO;
				CLANG_ANALYZER_LOCALIZABILITY_NONLOCALIZED = YES;
				CLANG_ANALYZER_NONNULL = YES;
				CLANG_ANALYZER_NUMBER_OBJECT_CONVERSION = YES_AGGRESSIVE;
				CLANG_CXX_LANGUAGE_STANDARD = "gnu++20";
				CLANG_ENABLE_MODULES = YES;
				CLANG_ENABLE_OBJC_ARC = YES;
				CLANG_ENABLE_OBJC_WEAK = YES;
				CLANG_WARN_BLOCK_CAPTURE_AUTORELEASING = YES;
				CLANG_WARN_BOOL_CONVERSION = YES;
				CLANG_WARN_COMMA = YES;
				CLANG_WARN_CONSTANT_CONVERSION = YES;
				CLANG_WARN_DEPRECATED_OBJC_IMPLEMENTATIONS = YES;
				CLANG_WARN_DIRECT_OBJC_ISA_USAGE = YES_ERROR;
				CLANG_WARN_DOCUMENTATION_COMMENTS = YES;
				CLANG_WARN_EMPTY_BODY = YES;
				CLANG_WARN_ENUM_CONVERSION = YES;
				CLANG_WARN_INFINITE_RECURSION = YES;
				CLANG_WARN_INT_CONVERSION = YES;
				CLANG_WARN_NON_LITERAL_NULL_CONVERSION = YES;
				CLANG_WARN_OBJC_IMPLICIT_RETAIN_SELF = YES;
				CLANG_WARN_OBJC_LITERAL_CONVERSION = YES;
				CLANG_WARN_OBJC_ROOT_CLASS = YES_ERROR;
				CLANG_WARN_QUOTED_INCLUDE_IN_FRAMEWORK_HEADER = YES;
				CLANG_WARN_RANGE_LOOP_ANALYSIS = YES;
				CLANG_WARN_STRICT_PROTOTYPES = YES;
				CLANG_WARN_SUSPICIOUS_MOVE = YES;
				CLANG_WARN_UNGUARDED_AVAILABILITY = YES_AGGRESSIVE;
				CLANG_WARN_UNREACHABLE_CODE = YES;
				CLANG_WARN__DUPLICATE_METHOD_MATCH = YES;
				COPY_PHASE_STRIP = NO;
				DEBUG_INFORMATION_FORMAT = "dwarf-with-dsym";
				ENABLE_NS_ASSERTIONS = NO;
				ENABLE_STRICT_OBJC_MSGSEND = YES;
				GCC_C_LANGUAGE_STANDARD = gnu11;
				GCC_NO_COMMON_BLOCKS = YES;
				GCC_WARN_64_TO_32_BIT_CONVERSION = YES;
				GCC_WARN_ABOUT_RETURN_TYPE = YES_ERROR;
				GCC_WARN_UNDECLARED_SELECTOR = YES;
				GCC_WARN_UNINITIALIZED_AUTOS = YES_AGGRESSIVE;
				GCC_WARN_UNUSED_FUNCTION = YES;
				GCC_WARN_UNUSED_VARIABLE = YES;
				IPHONEOS_DEPLOYMENT_TARGET = 16.4;
				MTL_ENABLE_DEBUG_INFO = NO;
				MTL_FAST_MATH = YES;
				SDKROOT = iphoneos;
				SWIFT_COMPILATION_MODE = wholemodule;
				SWIFT_EMIT_LOC_STRINGS = YES;
				SWIFT_OPTIMIZATION_LEVEL = "-O";
				VALIDATE_PRODUCT = YES;
			};
			name = Release;
		};
		665B5C312A530AD400AD65C4 /* Debug */ = {
			isa = XCBuildConfiguration;
			buildSettings = {
				ASSETCATALOG_COMPILER_APPICON_NAME = AppIcon;
				ASSETCATALOG_COMPILER_GLOBAL_ACCENT_COLOR_NAME = AccentColor;
				CODE_SIGN_ENTITLEMENTS = EventPlanner/EventPlanner.entitlements;
				CODE_SIGN_STYLE = Automatic;
				CURRENT_PROJECT_VERSION = 1;
				DEVELOPMENT_ASSET_PATHS = "\"EventPlanner/Preview Content\"";
				DEVELOPMENT_TEAM = UZH69S3QN2;
				ENABLE_PREVIEWS = YES;
				GENERATE_INFOPLIST_FILE = YES;
				INFOPLIST_FILE = EventPlanner/Info.plist;
				INFOPLIST_KEY_CFBundleDisplayName = Eventier;
				INFOPLIST_KEY_LSApplicationCategoryType = "public.app-category.entertainment";
				INFOPLIST_KEY_NSLocationAlwaysAndWhenInUseUsageDescription = "This app requires access to your location to show you the nearest public events. Your location data will be used to provide you with event recommendations and directions to event locations.";
				INFOPLIST_KEY_NSLocationWhenInUseUsageDescription = "This app needs to your location to show it on the map";
				INFOPLIST_KEY_UIApplicationSceneManifest_Generation = YES;
				INFOPLIST_KEY_UIApplicationSupportsIndirectInputEvents = YES;
				INFOPLIST_KEY_UILaunchScreen_Generation = YES;
				INFOPLIST_KEY_UIRequiresFullScreen = YES;
				INFOPLIST_KEY_UIStatusBarHidden = YES;
				INFOPLIST_KEY_UIStatusBarStyle = "";
				INFOPLIST_KEY_UISupportedInterfaceOrientations = UIInterfaceOrientationPortrait;
				INFOPLIST_KEY_UIUserInterfaceStyle = Light;
				IPHONEOS_DEPLOYMENT_TARGET = 16.0;
				LD_RUNPATH_SEARCH_PATHS = (
					"$(inherited)",
					"@executable_path/Frameworks",
				);
				MARKETING_VERSION = 1.0;
				OTHER_LDFLAGS = "-ObjC";
				PRODUCT_BUNDLE_IDENTIFIER = com.metehangurgentepe.EventPlanner;
				PRODUCT_NAME = "$(TARGET_NAME)";
				SWIFT_EMIT_LOC_STRINGS = YES;
				SWIFT_VERSION = 5.0;
				TARGETED_DEVICE_FAMILY = "1,2";
			};
			name = Debug;
		};
		665B5C322A530AD400AD65C4 /* Release */ = {
			isa = XCBuildConfiguration;
			buildSettings = {
				ASSETCATALOG_COMPILER_APPICON_NAME = AppIcon;
				ASSETCATALOG_COMPILER_GLOBAL_ACCENT_COLOR_NAME = AccentColor;
				CODE_SIGN_ENTITLEMENTS = EventPlanner/EventPlanner.entitlements;
				CODE_SIGN_STYLE = Automatic;
				CURRENT_PROJECT_VERSION = 1;
				DEVELOPMENT_ASSET_PATHS = "\"EventPlanner/Preview Content\"";
				DEVELOPMENT_TEAM = UZH69S3QN2;
				ENABLE_PREVIEWS = YES;
				GENERATE_INFOPLIST_FILE = YES;
				INFOPLIST_FILE = EventPlanner/Info.plist;
				INFOPLIST_KEY_CFBundleDisplayName = Eventier;
				INFOPLIST_KEY_LSApplicationCategoryType = "public.app-category.entertainment";
				INFOPLIST_KEY_NSLocationAlwaysAndWhenInUseUsageDescription = "This app requires access to your location to show you the nearest public events. Your location data will be used to provide you with event recommendations and directions to event locations.";
				INFOPLIST_KEY_NSLocationWhenInUseUsageDescription = "This app needs to your location to show it on the map";
				INFOPLIST_KEY_UIApplicationSceneManifest_Generation = YES;
				INFOPLIST_KEY_UIApplicationSupportsIndirectInputEvents = YES;
				INFOPLIST_KEY_UILaunchScreen_Generation = YES;
				INFOPLIST_KEY_UIRequiresFullScreen = YES;
				INFOPLIST_KEY_UIStatusBarHidden = YES;
				INFOPLIST_KEY_UIStatusBarStyle = "";
				INFOPLIST_KEY_UISupportedInterfaceOrientations = UIInterfaceOrientationPortrait;
				INFOPLIST_KEY_UIUserInterfaceStyle = Light;
				IPHONEOS_DEPLOYMENT_TARGET = 16.0;
				LD_RUNPATH_SEARCH_PATHS = (
					"$(inherited)",
					"@executable_path/Frameworks",
				);
				MARKETING_VERSION = 1.0;
				OTHER_LDFLAGS = "-ObjC";
				PRODUCT_BUNDLE_IDENTIFIER = com.metehangurgentepe.EventPlanner;
				PRODUCT_NAME = "$(TARGET_NAME)";
				SWIFT_EMIT_LOC_STRINGS = YES;
				SWIFT_VERSION = 5.0;
				TARGETED_DEVICE_FAMILY = "1,2";
			};
			name = Release;
		};
		665B5C342A530AD400AD65C4 /* Debug */ = {
			isa = XCBuildConfiguration;
			buildSettings = {
				ALWAYS_EMBED_SWIFT_STANDARD_LIBRARIES = YES;
				BUNDLE_LOADER = "$(TEST_HOST)";
				CODE_SIGN_STYLE = Automatic;
				CURRENT_PROJECT_VERSION = 1;
				DEVELOPMENT_TEAM = B267974TT7;
				GENERATE_INFOPLIST_FILE = YES;
				IPHONEOS_DEPLOYMENT_TARGET = 16.4;
				MARKETING_VERSION = 1.0;
				PRODUCT_BUNDLE_IDENTIFIER = com.metehangurgentepe.EventPlannerTests;
				PRODUCT_NAME = "$(TARGET_NAME)";
				SWIFT_EMIT_LOC_STRINGS = NO;
				SWIFT_VERSION = 5.0;
				TARGETED_DEVICE_FAMILY = "1,2";
				TEST_HOST = "$(BUILT_PRODUCTS_DIR)/EventPlanner.app/$(BUNDLE_EXECUTABLE_FOLDER_PATH)/EventPlanner";
			};
			name = Debug;
		};
		665B5C352A530AD400AD65C4 /* Release */ = {
			isa = XCBuildConfiguration;
			buildSettings = {
				ALWAYS_EMBED_SWIFT_STANDARD_LIBRARIES = YES;
				BUNDLE_LOADER = "$(TEST_HOST)";
				CODE_SIGN_STYLE = Automatic;
				CURRENT_PROJECT_VERSION = 1;
				DEVELOPMENT_TEAM = B267974TT7;
				GENERATE_INFOPLIST_FILE = YES;
				IPHONEOS_DEPLOYMENT_TARGET = 16.4;
				MARKETING_VERSION = 1.0;
				PRODUCT_BUNDLE_IDENTIFIER = com.metehangurgentepe.EventPlannerTests;
				PRODUCT_NAME = "$(TARGET_NAME)";
				SWIFT_EMIT_LOC_STRINGS = NO;
				SWIFT_VERSION = 5.0;
				TARGETED_DEVICE_FAMILY = "1,2";
				TEST_HOST = "$(BUILT_PRODUCTS_DIR)/EventPlanner.app/$(BUNDLE_EXECUTABLE_FOLDER_PATH)/EventPlanner";
			};
			name = Release;
		};
		665B5C372A530AD400AD65C4 /* Debug */ = {
			isa = XCBuildConfiguration;
			buildSettings = {
				ALWAYS_EMBED_SWIFT_STANDARD_LIBRARIES = YES;
				CODE_SIGN_STYLE = Automatic;
				CURRENT_PROJECT_VERSION = 1;
				DEVELOPMENT_TEAM = B267974TT7;
				GENERATE_INFOPLIST_FILE = YES;
				MARKETING_VERSION = 1.0;
				PRODUCT_BUNDLE_IDENTIFIER = com.metehangurgentepe.EventPlannerUITests;
				PRODUCT_NAME = "$(TARGET_NAME)";
				SWIFT_EMIT_LOC_STRINGS = NO;
				SWIFT_VERSION = 5.0;
				TARGETED_DEVICE_FAMILY = "1,2";
				TEST_TARGET_NAME = EventPlanner;
			};
			name = Debug;
		};
		665B5C382A530AD400AD65C4 /* Release */ = {
			isa = XCBuildConfiguration;
			buildSettings = {
				ALWAYS_EMBED_SWIFT_STANDARD_LIBRARIES = YES;
				CODE_SIGN_STYLE = Automatic;
				CURRENT_PROJECT_VERSION = 1;
				DEVELOPMENT_TEAM = B267974TT7;
				GENERATE_INFOPLIST_FILE = YES;
				MARKETING_VERSION = 1.0;
				PRODUCT_BUNDLE_IDENTIFIER = com.metehangurgentepe.EventPlannerUITests;
				PRODUCT_NAME = "$(TARGET_NAME)";
				SWIFT_EMIT_LOC_STRINGS = NO;
				SWIFT_VERSION = 5.0;
				TARGETED_DEVICE_FAMILY = "1,2";
				TEST_TARGET_NAME = EventPlanner;
			};
			name = Release;
		};
/* End XCBuildConfiguration section */

/* Begin XCConfigurationList section */
		665B5C072A530AD300AD65C4 /* Build configuration list for PBXProject "EventPlanner" */ = {
			isa = XCConfigurationList;
			buildConfigurations = (
				665B5C2E2A530AD400AD65C4 /* Debug */,
				665B5C2F2A530AD400AD65C4 /* Release */,
			);
			defaultConfigurationIsVisible = 0;
			defaultConfigurationName = Release;
		};
		665B5C302A530AD400AD65C4 /* Build configuration list for PBXNativeTarget "EventPlanner" */ = {
			isa = XCConfigurationList;
			buildConfigurations = (
				665B5C312A530AD400AD65C4 /* Debug */,
				665B5C322A530AD400AD65C4 /* Release */,
			);
			defaultConfigurationIsVisible = 0;
			defaultConfigurationName = Release;
		};
		665B5C332A530AD400AD65C4 /* Build configuration list for PBXNativeTarget "EventPlannerTests" */ = {
			isa = XCConfigurationList;
			buildConfigurations = (
				665B5C342A530AD400AD65C4 /* Debug */,
				665B5C352A530AD400AD65C4 /* Release */,
			);
			defaultConfigurationIsVisible = 0;
			defaultConfigurationName = Release;
		};
		665B5C362A530AD400AD65C4 /* Build configuration list for PBXNativeTarget "EventPlannerUITests" */ = {
			isa = XCConfigurationList;
			buildConfigurations = (
				665B5C372A530AD400AD65C4 /* Debug */,
				665B5C382A530AD400AD65C4 /* Release */,
			);
			defaultConfigurationIsVisible = 0;
			defaultConfigurationName = Release;
		};
/* End XCConfigurationList section */

/* Begin XCRemoteSwiftPackageReference section */
		668E228D2A9F4F6F00E865B1 /* XCRemoteSwiftPackageReference "CustomAlert" */ = {
			isa = XCRemoteSwiftPackageReference;
			repositoryURL = "https://github.com/divadretlaw/CustomAlert.git";
			requirement = {
				branch = main;
				kind = branch;
			};
		};
		668E22902A9F4FBE00E865B1 /* XCRemoteSwiftPackageReference "swift-package-manager-google-mobile-ads" */ = {
			isa = XCRemoteSwiftPackageReference;
			repositoryURL = "https://github.com/googleads/swift-package-manager-google-mobile-ads.git";
			requirement = {
				kind = upToNextMajorVersion;
				minimumVersion = 10.9.0;
			};
		};
		66A407052A9F529F00A99178 /* XCRemoteSwiftPackageReference "firebase-ios-sdk" */ = {
			isa = XCRemoteSwiftPackageReference;
			repositoryURL = "https://github.com/firebase/firebase-ios-sdk.git";
			requirement = {
				kind = upToNextMajorVersion;
				minimumVersion = 10.14.0;
			};
		};
/* End XCRemoteSwiftPackageReference section */

/* Begin XCSwiftPackageProductDependency section */
		668E228E2A9F4F6F00E865B1 /* CustomAlert */ = {
			isa = XCSwiftPackageProductDependency;
			package = 668E228D2A9F4F6F00E865B1 /* XCRemoteSwiftPackageReference "CustomAlert" */;
			productName = CustomAlert;
		};
		668E22912A9F4FBE00E865B1 /* GoogleMobileAds */ = {
			isa = XCSwiftPackageProductDependency;
			package = 668E22902A9F4FBE00E865B1 /* XCRemoteSwiftPackageReference "swift-package-manager-google-mobile-ads" */;
			productName = GoogleMobileAds;
		};
		66A407062A9F529F00A99178 /* FirebaseAnalytics */ = {
			isa = XCSwiftPackageProductDependency;
			package = 66A407052A9F529F00A99178 /* XCRemoteSwiftPackageReference "firebase-ios-sdk" */;
			productName = FirebaseAnalytics;
		};
		66A407082A9F529F00A99178 /* FirebaseAnalyticsSwift */ = {
			isa = XCSwiftPackageProductDependency;
			package = 66A407052A9F529F00A99178 /* XCRemoteSwiftPackageReference "firebase-ios-sdk" */;
			productName = FirebaseAnalyticsSwift;
		};
		66A4070A2A9F529F00A99178 /* FirebaseAppCheck */ = {
			isa = XCSwiftPackageProductDependency;
			package = 66A407052A9F529F00A99178 /* XCRemoteSwiftPackageReference "firebase-ios-sdk" */;
			productName = FirebaseAppCheck;
		};
		66A4070C2A9F529F00A99178 /* FirebaseAuth */ = {
			isa = XCSwiftPackageProductDependency;
			package = 66A407052A9F529F00A99178 /* XCRemoteSwiftPackageReference "firebase-ios-sdk" */;
			productName = FirebaseAuth;
		};
		66A4070E2A9F529F00A99178 /* FirebaseDatabase */ = {
			isa = XCSwiftPackageProductDependency;
			package = 66A407052A9F529F00A99178 /* XCRemoteSwiftPackageReference "firebase-ios-sdk" */;
			productName = FirebaseDatabase;
		};
		66A407102A9F529F00A99178 /* FirebaseDatabaseSwift */ = {
			isa = XCSwiftPackageProductDependency;
			package = 66A407052A9F529F00A99178 /* XCRemoteSwiftPackageReference "firebase-ios-sdk" */;
			productName = FirebaseDatabaseSwift;
		};
		66A407122A9F529F00A99178 /* FirebaseFirestore */ = {
			isa = XCSwiftPackageProductDependency;
			package = 66A407052A9F529F00A99178 /* XCRemoteSwiftPackageReference "firebase-ios-sdk" */;
			productName = FirebaseFirestore;
		};
		66A407142A9F529F00A99178 /* FirebaseFirestoreSwift */ = {
			isa = XCSwiftPackageProductDependency;
			package = 66A407052A9F529F00A99178 /* XCRemoteSwiftPackageReference "firebase-ios-sdk" */;
			productName = FirebaseFirestoreSwift;
		};
		66A407162A9F529F00A99178 /* FirebaseFunctions */ = {
			isa = XCSwiftPackageProductDependency;
			package = 66A407052A9F529F00A99178 /* XCRemoteSwiftPackageReference "firebase-ios-sdk" */;
			productName = FirebaseFunctions;
		};
		66A407182A9F529F00A99178 /* FirebaseMessaging */ = {
			isa = XCSwiftPackageProductDependency;
			package = 66A407052A9F529F00A99178 /* XCRemoteSwiftPackageReference "firebase-ios-sdk" */;
			productName = FirebaseMessaging;
		};
		66A4071A2A9F529F00A99178 /* FirebasePerformance */ = {
			isa = XCSwiftPackageProductDependency;
			package = 66A407052A9F529F00A99178 /* XCRemoteSwiftPackageReference "firebase-ios-sdk" */;
			productName = FirebasePerformance;
		};
		66A4071C2A9F529F00A99178 /* FirebaseRemoteConfig */ = {
			isa = XCSwiftPackageProductDependency;
			package = 66A407052A9F529F00A99178 /* XCRemoteSwiftPackageReference "firebase-ios-sdk" */;
			productName = FirebaseRemoteConfig;
		};
		66A4071E2A9F529F00A99178 /* FirebaseRemoteConfigSwift */ = {
			isa = XCSwiftPackageProductDependency;
			package = 66A407052A9F529F00A99178 /* XCRemoteSwiftPackageReference "firebase-ios-sdk" */;
			productName = FirebaseRemoteConfigSwift;
		};
		66A407202A9F529F00A99178 /* FirebaseStorage */ = {
			isa = XCSwiftPackageProductDependency;
			package = 66A407052A9F529F00A99178 /* XCRemoteSwiftPackageReference "firebase-ios-sdk" */;
			productName = FirebaseStorage;
		};
/* End XCSwiftPackageProductDependency section */
	};
	rootObject = 665B5C042A530AD300AD65C4 /* Project object */;
}
